// !$*UTF8*$!
{
	archiveVersion = 1;
	classes = {
	};
	objectVersion = 77;
	objects = {

/* Begin PBXBuildFile section */
		05817962FB8A476549B94C01 /* ZoteroImportCoordinator.swift in Sources */ = {isa = PBXBuildFile; fileRef = 4162D6E87B60ECDCF319814E /* ZoteroImportCoordinator.swift */; };
		093780883DA94598BE5C29AF /* Sparkle-LICENSE.txt in Resources */ = {isa = PBXBuildFile; fileRef = EBD276D9AB2C63D7E24FDE04 /* Sparkle-LICENSE.txt */; };
		106513FBEC771211CB9DE862 /* LibraryModels.swift in Sources */ = {isa = PBXBuildFile; fileRef = E0325E1A53B306B4E070020D /* LibraryModels.swift */; };
		132643F5DC3DDD1E9EB22813 /* TextNormalizer.swift in Sources */ = {isa = PBXBuildFile; fileRef = BA1583E513232AC7D0AA7CA0 /* TextNormalizer.swift */; };
		1481C4EE808A3E3E87709009 /* TranslationXPCConnectionPolicy.swift in Sources */ = {isa = PBXBuildFile; fileRef = 5ADC9C439BE92821AED7C642 /* TranslationXPCConnectionPolicy.swift */; };
		15EDF2A25C2A3FEAE4972ED4 /* Credits.html in Resources */ = {isa = PBXBuildFile; fileRef = 390A1F1BF533AFA28CCFD10F /* Credits.html */; };
		15FB3FBDD96F12FD1A097CE0 /* HighlightPDFView.swift in Sources */ = {isa = PBXBuildFile; fileRef = 20CE4CB5998833B1454C74E2 /* HighlightPDFView.swift */; };
		17CCC20F95AE750392CA17DE /* ZoteroAPIRequestOperation.swift in Sources */ = {isa = PBXBuildFile; fileRef = 789C9BD0BF42B18AAA63CF52 /* ZoteroAPIRequestOperation.swift */; };
		1C5328D3EE846F748110BDEC /* ZoteroImportXPCProtocol.swift in Sources */ = {isa = PBXBuildFile; fileRef = 5DDFA11351CA55E04D422B01 /* ZoteroImportXPCProtocol.swift */; };
		1D1E1300196BD224FE89A00F /* TextNormalizerTests.swift in Sources */ = {isa = PBXBuildFile; fileRef = 969EC9C892796AB815567020 /* TextNormalizerTests.swift */; };
		1D4430F27C7263188FC213E4 /* FolderImportTransaction.swift in Sources */ = {isa = PBXBuildFile; fileRef = 555A210A28D6F92DE8F57FAA /* FolderImportTransaction.swift */; };
		205AD866107A886EAA92EE81 /* P8ZoteroTransactionTests.swift in Sources */ = {isa = PBXBuildFile; fileRef = AFC3AEEC47850CAD1D41191E /* P8ZoteroTransactionTests.swift */; };
		2127A41C5EBC3A230F573908 /* TranslationRequestOperation.swift in Sources */ = {isa = PBXBuildFile; fileRef = E4B1E8C5AAC4A05692CCB495 /* TranslationRequestOperation.swift */; };
		2227179797C8823B64A226EA /* ZoteroImportTransaction.swift in Sources */ = {isa = PBXBuildFile; fileRef = A4CFEA4F57F7E8D2B977F96A /* ZoteroImportTransaction.swift */; };
		24F9D19682C67BFEFB015DAC /* TranslationInspector.swift in Sources */ = {isa = PBXBuildFile; fileRef = 87B7F5D98EF6A4B100711620 /* TranslationInspector.swift */; };
		26062E05558C3FE60C36C4B0 /* TranslationXPCConnectionPolicy.swift in Sources */ = {isa = PBXBuildFile; fileRef = 5ADC9C439BE92821AED7C642 /* TranslationXPCConnectionPolicy.swift */; };
		26FF117388587C1AE13E85A6 /* TranslationXPCConnectionPolicy.swift in Sources */ = {isa = PBXBuildFile; fileRef = 5ADC9C439BE92821AED7C642 /* TranslationXPCConnectionPolicy.swift */; };
		2845DD09521799EA1249F0AE /* LibraryOrganizationTests.swift in Sources */ = {isa = PBXBuildFile; fileRef = 6E489A1C10FD4AE7E9A33154 /* LibraryOrganizationTests.swift */; };
		293A7207697643F6E957F3A6 /* LurumeTranslationService.xpc in CopyFiles */ = {isa = PBXBuildFile; fileRef = E2DD1BB9E639067387C339DF /* LurumeTranslationService.xpc */; settings = {ATTRIBUTES = (CodeSignOnCopy, RemoveHeadersOnCopy, ); }; };
		2D0ED8285C80930DD3959F6C /* InfoPlist.strings in Resources */ = {isa = PBXBuildFile; fileRef = 002933A34CD2A16535238505 /* InfoPlist.strings */; };
		314E6F9D242932FBF3CB3089 /* FolderImportCoordinator.swift in Sources */ = {isa = PBXBuildFile; fileRef = D73B627EB34ED8B5CEBCB05B /* FolderImportCoordinator.swift */; };
		32C8FFB0CE9301BED1D8F96D /* LibrarySchema.swift in Sources */ = {isa = PBXBuildFile; fileRef = 9AABCAEA8379FB217EF98010 /* LibrarySchema.swift */; };
		33F14A5B4F2FF059040D2EBC /* LurumeApp.swift in Sources */ = {isa = PBXBuildFile; fileRef = EDCEED45D44F9A78BABF93BC /* LurumeApp.swift */; };
		3B6F29215EACAD8BCABF7D43 /* OpenAIChatCompletionsTests.swift in Sources */ = {isa = PBXBuildFile; fileRef = 7C778B6C50C6E4415F71CB8F /* OpenAIChatCompletionsTests.swift */; };
		3BA0251DCE1AE33611F16C6E /* LibraryPersistenceTests.swift in Sources */ = {isa = PBXBuildFile; fileRef = 50CE51B033570DB20B180628 /* LibraryPersistenceTests.swift */; };
		3C4E8C4AE39330A50E8DB278 /* PDFReaderView.swift in Sources */ = {isa = PBXBuildFile; fileRef = 0A66F42ECD28F65520797F64 /* PDFReaderView.swift */; };
		41FD93F70589AA16993061E4 /* LurumeTranslationService.xpc in CopyFiles */ = {isa = PBXBuildFile; fileRef = E2DD1BB9E639067387C339DF /* LurumeTranslationService.xpc */; settings = {ATTRIBUTES = (CodeSignOnCopy, RemoveHeadersOnCopy, ); }; };
		4C9FCD0E24A6DF7390C6E52B /* P8LibraryModelTests.swift in Sources */ = {isa = PBXBuildFile; fileRef = 5A6ED549FB633F5C0CB50C62 /* P8LibraryModelTests.swift */; };
		4D0F236DF0C4ED60F0D25CF3 /* ModelTranslationSettingsController.swift in Sources */ = {isa = PBXBuildFile; fileRef = DC99175073F30FE9C56F0DC9 /* ModelTranslationSettingsController.swift */; };
		4E447FBC4C73F23434578CF9 /* OpenAIChatCompletions.swift in Sources */ = {isa = PBXBuildFile; fileRef = EC5484C864E05733C0A97EE0 /* OpenAIChatCompletions.swift */; };
		4FB3C0272A970C0EC45CF60D /* TranslationService.swift in Sources */ = {isa = PBXBuildFile; fileRef = A20C3BF4B7E2E5A5F0024822 /* TranslationService.swift */; };
		5025B51E193750769CBA42CF /* P7TranslationNetworkOperationTests.swift in Sources */ = {isa = PBXBuildFile; fileRef = 040C195F10E062C42AC6E6F8 /* P7TranslationNetworkOperationTests.swift */; };
		55EAB7FB03ADEB10D1530775 /* LurumeZoteroImportService.xpc in CopyFiles */ = {isa = PBXBuildFile; fileRef = D5F0A993439697CA78EE2982 /* LurumeZoteroImportService.xpc */; settings = {ATTRIBUTES = (CodeSignOnCopy, RemoveHeadersOnCopy, ); }; };
		575DB807A35AA3B6550E6845 /* FolderImportWizardView.swift in Sources */ = {isa = PBXBuildFile; fileRef = 7E269862DD1425149A23F616 /* FolderImportWizardView.swift */; };
		5F38DD445676B098B239719D /* PDFNavigationSidebar.swift in Sources */ = {isa = PBXBuildFile; fileRef = 3C0C186E21CE73620E1ECB1C /* PDFNavigationSidebar.swift */; };
		5F823BEAA253B1DB3F31FD1D /* P8FolderImportTests.swift in Sources */ = {isa = PBXBuildFile; fileRef = 094B182E8B2F8F86CF178DFB /* P8FolderImportTests.swift */; };
		6074BFC0EA03CECA4A13A1E8 /* ZoteroAPIRequestOperation.swift in Sources */ = {isa = PBXBuildFile; fileRef = 789C9BD0BF42B18AAA63CF52 /* ZoteroAPIRequestOperation.swift */; };
		61A1E8FC19A5F997C16108CE /* FileIdentityTests.swift in Sources */ = {isa = PBXBuildFile; fileRef = B332936519E7741B917213C1 /* FileIdentityTests.swift */; };
		62D9B0E6CE35A2C437A5285F /* TranslationXPCProtocol.swift in Sources */ = {isa = PBXBuildFile; fileRef = 032EC53B9158647738493AB6 /* TranslationXPCProtocol.swift */; };
		62ED39AB35E36F8D1E719860 /* FolderImportScanner.swift in Sources */ = {isa = PBXBuildFile; fileRef = 24AD4897FFDA174C8C3F064B /* FolderImportScanner.swift */; };
		6814D806ED9F03D30465C20C /* ImportCommands.swift in Sources */ = {isa = PBXBuildFile; fileRef = AB955026060739BD5916EF09 /* ImportCommands.swift */; };
		6822FA6E4AD446AACFCDF966 /* TranslationXPCProtocol.swift in Sources */ = {isa = PBXBuildFile; fileRef = 032EC53B9158647738493AB6 /* TranslationXPCProtocol.swift */; };
		68318B9CCF47542349BF2137 /* ZoteroImportXPCClient.swift in Sources */ = {isa = PBXBuildFile; fileRef = 69B756115E8CF6D3EA802039 /* ZoteroImportXPCClient.swift */; };
		689441F97CFF885AAEF74F62 /* ZoteroImportXPCConnectionPolicy.swift in Sources */ = {isa = PBXBuildFile; fileRef = 2B2944D9C3F184043CD9D895 /* ZoteroImportXPCConnectionPolicy.swift */; };
		68D5F0FC04789CBE194A49A1 /* ContentView.swift in Sources */ = {isa = PBXBuildFile; fileRef = 813B2765B8739B290712AAD7 /* ContentView.swift */; };
		695E0AA23464100D94ECDB24 /* TranslationXPCConnectionPolicy.swift in Sources */ = {isa = PBXBuildFile; fileRef = 5ADC9C439BE92821AED7C642 /* TranslationXPCConnectionPolicy.swift */; };
		6C93CF0C527FC9C095C471D4 /* PaperMetadataTests.swift in Sources */ = {isa = PBXBuildFile; fileRef = BC5F48DA0E16EBAC5F6646BE /* PaperMetadataTests.swift */; };
		6E33C5335B757AC175FFB56B /* ZoteroImportXPCConnectionPolicy.swift in Sources */ = {isa = PBXBuildFile; fileRef = 2B2944D9C3F184043CD9D895 /* ZoteroImportXPCConnectionPolicy.swift */; };
		6E4325F180DCCE01B54F12F0 /* LibraryStore.swift in Sources */ = {isa = PBXBuildFile; fileRef = 7357965D8D0C423680ACCF0B /* LibraryStore.swift */; };
		6F0E29AEE8442D65C1A6CA48 /* P8ImportPlanningTests.swift in Sources */ = {isa = PBXBuildFile; fileRef = 5ED65E36600BE3C5B70D402A /* P8ImportPlanningTests.swift */; };
		72166701FF73790BA0636872 /* TranslationRequestOperation.swift in Sources */ = {isa = PBXBuildFile; fileRef = E4B1E8C5AAC4A05692CCB495 /* TranslationRequestOperation.swift */; };
		72A222F3B448B99515FBCAE8 /* ZoteroImportService.swift in Sources */ = {isa = PBXBuildFile; fileRef = F9428536C328CED99D35DAFC /* ZoteroImportService.swift */; };
		73FBF7FF0060D7E8D718364C /* main.swift in Sources */ = {isa = PBXBuildFile; fileRef = 1C3B11CC74DE63BBBC3D20C9 /* main.swift */; };
		78F1CD5D60F7651620E152E3 /* ZoteroAPI.swift in Sources */ = {isa = PBXBuildFile; fileRef = 8C51025017EB75330DD58799 /* ZoteroAPI.swift */; };
		7C14BD13DAF4EF1684DA77C6 /* ZoteroImportXPCConnectionPolicy.swift in Sources */ = {isa = PBXBuildFile; fileRef = 2B2944D9C3F184043CD9D895 /* ZoteroImportXPCConnectionPolicy.swift */; };
		7E10AC773AD3045C05059C26 /* TranslationControllerTests.swift in Sources */ = {isa = PBXBuildFile; fileRef = 1AC352337307455A20A17D1A /* TranslationControllerTests.swift */; };
		8226C9EA96CDAE79A9037711 /* Sparkle in Frameworks */ = {isa = PBXBuildFile; productRef = 3E5A34989D0B107DE3DBA0F3 /* Sparkle */; };
		82E279C2F1232A9F52048A83 /* ZoteroImportAuthorization.swift in Sources */ = {isa = PBXBuildFile; fileRef = 3FD9E72182171E98BCF9C525 /* ZoteroImportAuthorization.swift */; };
		832317642703EDFE268ECA0D /* TranslationXPCConnectionPolicy.swift in Sources */ = {isa = PBXBuildFile; fileRef = 5ADC9C439BE92821AED7C642 /* TranslationXPCConnectionPolicy.swift */; };
		857E7290FA8B82984C4A3DE4 /* main.swift in Sources */ = {isa = PBXBuildFile; fileRef = 38933BBA2EDB5594525C5540 /* main.swift */; };
		86654EDA264C87B8116DD5EF /* TranslationXPCConnectionPolicyTests.swift in Sources */ = {isa = PBXBuildFile; fileRef = D8903F807C3C628B22038F66 /* TranslationXPCConnectionPolicyTests.swift */; };
		8682A270EE82DAB1AAB28160 /* BibliographicMetadataEditingTests.swift in Sources */ = {isa = PBXBuildFile; fileRef = E98CC2FD6E3829DE0DF21FA4 /* BibliographicMetadataEditingTests.swift */; };
		8A612497C2D39BFFBC3CD179 /* LurumeSmokeTests.swift in Sources */ = {isa = PBXBuildFile; fileRef = 1B229DB5333C8E1D46A0AB95 /* LurumeSmokeTests.swift */; };
		8C76D856E19DC6EC27287901 /* ModelTranslationConfigurationTests.swift in Sources */ = {isa = PBXBuildFile; fileRef = FFBCE235CDCC1C9AC3DC27B0 /* ModelTranslationConfigurationTests.swift */; };
		8E86D8807B455C44DDE17E48 /* BibliographicMetadataEditing.swift in Sources */ = {isa = PBXBuildFile; fileRef = E84158311BB335DE2B886431 /* BibliographicMetadataEditing.swift */; };
		901386E6D513046A375512B4 /* SystemPaperMetadataReader.swift in Sources */ = {isa = PBXBuildFile; fileRef = FC49AD84FACDAB3ED5163A55 /* SystemPaperMetadataReader.swift */; };
		90236AB3AA836D9BFF5E7C22 /* ZoteroImportXPCConnectionPolicy.swift in Sources */ = {isa = PBXBuildFile; fileRef = 2B2944D9C3F184043CD9D895 /* ZoteroImportXPCConnectionPolicy.swift */; };
		9048D80279177B1F81AE0790 /* AppSettings.swift in Sources */ = {isa = PBXBuildFile; fileRef = 0B52C1CACB063DB3505EEF6C /* AppSettings.swift */; };
		92791F13C598D87405CA13C4 /* ZoteroImportXPCProtocol.swift in Sources */ = {isa = PBXBuildFile; fileRef = 5DDFA11351CA55E04D422B01 /* ZoteroImportXPCProtocol.swift */; };
		93C9608AF80053D0BBFFBE4E /* ZoteroImportXPCProtocol.swift in Sources */ = {isa = PBXBuildFile; fileRef = 5DDFA11351CA55E04D422B01 /* ZoteroImportXPCProtocol.swift */; };
		95E6621DB260C534F214A262 /* Localizable.strings in Resources */ = {isa = PBXBuildFile; fileRef = 5BDFE7ED94697A4351F79112 /* Localizable.strings */; };
		97510559A844004D85C2A8E5 /* TranslationXPCProtocol.swift in Sources */ = {isa = PBXBuildFile; fileRef = 032EC53B9158647738493AB6 /* TranslationXPCProtocol.swift */; };
		97CCFD06759640B719E96A5A /* HighlightStore.swift in Sources */ = {isa = PBXBuildFile; fileRef = 1DF3744718002E8D40888853 /* HighlightStore.swift */; };
		99242BB5CD65CD65B953B383 /* LibraryDragDrop.swift in Sources */ = {isa = PBXBuildFile; fileRef = 6741F46CA962F25B42E43E09 /* LibraryDragDrop.swift */; };
		9B684A85F5989CE8AE65CF95 /* README.md in Resources */ = {isa = PBXBuildFile; fileRef = F6926A08DEB7D03C4C95EF04 /* README.md */; };
		9C4BB4B8E449FB94DB0EDAC4 /* ZoteroImportXPCProtocol.swift in Sources */ = {isa = PBXBuildFile; fileRef = 5DDFA11351CA55E04D422B01 /* ZoteroImportXPCProtocol.swift */; };
		9DF2CBAF36DF36B28F9F6365 /* TranslationXPCProtocol.swift in Sources */ = {isa = PBXBuildFile; fileRef = 032EC53B9158647738493AB6 /* TranslationXPCProtocol.swift */; };
		A1A4D134ADEED55FA601DE15 /* ZoteroImportXPCIntegrationTests.swift in Sources */ = {isa = PBXBuildFile; fileRef = 4F05DC840E0964B0F46F963B /* ZoteroImportXPCIntegrationTests.swift */; };
		A1B77B1E421B37A01DA3BA39 /* LibraryTableInteractionTests.swift in Sources */ = {isa = PBXBuildFile; fileRef = AF9CA75918F1517CF9434D8D /* LibraryTableInteractionTests.swift */; };
		A5DE3609DC3C9F2CAD5718E8 /* ReaderModeTransitionTests.swift in Sources */ = {isa = PBXBuildFile; fileRef = 04E0646022AA5A1039AD2D3F /* ReaderModeTransitionTests.swift */; };
		A73E9083CB324645CFF43590 /* SecurityScopedFile.swift in Sources */ = {isa = PBXBuildFile; fileRef = 451E4AC55AABA630D088790D /* SecurityScopedFile.swift */; };
		AD0510193C70C076364F0BF3 /* ModelTranslationConfiguration.swift in Sources */ = {isa = PBXBuildFile; fileRef = 13D4FB732F27567ED56D6D05 /* ModelTranslationConfiguration.swift */; };
		AFA9221623EC339A1315698A /* LibrarySaveSafetyTests.swift in Sources */ = {isa = PBXBuildFile; fileRef = D831557D3FC647DADCAD9420 /* LibrarySaveSafetyTests.swift */; };
		B13C920775B082B1C331ED5F /* OpenAIChatCompletions.swift in Sources */ = {isa = PBXBuildFile; fileRef = EC5484C864E05733C0A97EE0 /* OpenAIChatCompletions.swift */; };
		B1AE1C81032365A6F314978A /* HighlightModels.swift in Sources */ = {isa = PBXBuildFile; fileRef = EFEAA76699D454EB7F711760 /* HighlightModels.swift */; };
		B3A6453CEE80C6372F7053A8 /* TranslationXPCProtocol.swift in Sources */ = {isa = PBXBuildFile; fileRef = 032EC53B9158647738493AB6 /* TranslationXPCProtocol.swift */; };
		B4042DDCBCA2A04985D37575 /* TranslationXPCProtocol.swift in Sources */ = {isa = PBXBuildFile; fileRef = 032EC53B9158647738493AB6 /* TranslationXPCProtocol.swift */; };
		B6CDFABD6995CD92A30CD86A /* TranslationAPIKeyStore.swift in Sources */ = {isa = PBXBuildFile; fileRef = 862485423CEF552ECEA8712C /* TranslationAPIKeyStore.swift */; };
		B96EA3B16617DEA37D0FF4FD /* SettingsView.swift in Sources */ = {isa = PBXBuildFile; fileRef = B43B08E498537804DB3769E8 /* SettingsView.swift */; };
		C056C40ACD4F4F8AE19ED45B /* CollectionExpansionState.swift in Sources */ = {isa = PBXBuildFile; fileRef = 83DE810265C2BFA72E2A33E7 /* CollectionExpansionState.swift */; };
		C08B6F8C1AD562CF6A2E8695 /* ZoteroImportXPCConnectionPolicy.swift in Sources */ = {isa = PBXBuildFile; fileRef = 2B2944D9C3F184043CD9D895 /* ZoteroImportXPCConnectionPolicy.swift */; };
		C844133EBD258AD8321EA43A /* HighlightPersistence.swift in Sources */ = {isa = PBXBuildFile; fileRef = B8A2CEFED2568E02C16AA36E /* HighlightPersistence.swift */; };
		C9B5B496FC15DE8489A7AE54 /* ZoteroImportServiceCoreTests.swift in Sources */ = {isa = PBXBuildFile; fileRef = 0F8C1C08CBF4FFF8B4F00FDD /* ZoteroImportServiceCoreTests.swift */; };
		CAEB67A89F6A35C4A583AEF4 /* main.swift in Sources */ = {isa = PBXBuildFile; fileRef = 6026208784328D8B45E4805D /* main.swift */; };
		CBA9B4B2323565FEB2538795 /* LibraryImportPlanning.swift in Sources */ = {isa = PBXBuildFile; fileRef = 95B0193F4D7D2AD499EFE01F /* LibraryImportPlanning.swift */; };
		CD6C64A27F724DEB33871DFF /* HighlightPersistenceTests.swift in Sources */ = {isa = PBXBuildFile; fileRef = B84CEE7D84F804319313E2FC /* HighlightPersistenceTests.swift */; };
		CFBC44934EEEAB207DED9854 /* TranslationXPCIntegrationTests.swift in Sources */ = {isa = PBXBuildFile; fileRef = CE8CD7C388BCCCF781BEFEB6 /* TranslationXPCIntegrationTests.swift */; };
		D1242E4189B37507D07D2D68 /* Sparkle in Frameworks */ = {isa = PBXBuildFile; productRef = DC297768AF2DDEF22B37325D /* Sparkle */; };
		D1D1F6DEA3BE1F67552F8369 /* ZoteroImportWizardView.swift in Sources */ = {isa = PBXBuildFile; fileRef = 5C243547A0A3A00604D4C51C /* ZoteroImportWizardView.swift */; };
		D20ED449B31579EDD9209E59 /* TranslationXPCConnectionPolicy.swift in Sources */ = {isa = PBXBuildFile; fileRef = 5ADC9C439BE92821AED7C642 /* TranslationXPCConnectionPolicy.swift */; };
		D34865219EA3EB4BF932BA66 /* LibraryPersistence.swift in Sources */ = {isa = PBXBuildFile; fileRef = 70EE537C1DA409FE0C8BFD5B /* LibraryPersistence.swift */; };
		D89E328BF1F4676E4548EB72 /* PaperRemovalCoordinator.swift in Sources */ = {isa = PBXBuildFile; fileRef = 5AF258DB2C0B0F3B21B5A12D /* PaperRemovalCoordinator.swift */; };
		D9E8C3A77EE0A76B56701542 /* PaperRemovalCoordinatorTests.swift in Sources */ = {isa = PBXBuildFile; fileRef = 09C68C64D3676F502236BD86 /* PaperRemovalCoordinatorTests.swift */; };
		DD5F3D4DF228FD158D575BB6 /* UpdateTestHostApp.swift in Sources */ = {isa = PBXBuildFile; fileRef = 1E4CE87BA8D875DB1CF932E5 /* UpdateTestHostApp.swift */; };
		E1FA3537138C6630E9064659 /* TranslationXPCClient.swift in Sources */ = {isa = PBXBuildFile; fileRef = 6662DB14AB725B65D5107D51 /* TranslationXPCClient.swift */; };
		E4DE5B18C7C0D99CDF273F36 /* CollectionExpansionStateTests.swift in Sources */ = {isa = PBXBuildFile; fileRef = 6CDB4FFF66903850755F56A6 /* CollectionExpansionStateTests.swift */; };
		E98977279C3F4BCBE305F1C7 /* ZoteroImportXPCProtocol.swift in Sources */ = {isa = PBXBuildFile; fileRef = 5DDFA11351CA55E04D422B01 /* ZoteroImportXPCProtocol.swift */; };
		EB7D92CC26B4FE6453148D55 /* UpdaterController.swift in Sources */ = {isa = PBXBuildFile; fileRef = EB67A6A41839515674054B2B /* UpdaterController.swift */; };
		EE1BEB4BABADE6A8044077BD /* MainWindowMode.swift in Sources */ = {isa = PBXBuildFile; fileRef = 83C060B9B8CAE158F8A0B938 /* MainWindowMode.swift */; };
		F1030095E5FF32766B4C1C8C /* LibraryCollectionStoreTests.swift in Sources */ = {isa = PBXBuildFile; fileRef = 5294525FCF269307315AAFD4 /* LibraryCollectionStoreTests.swift */; };
		F24CFB0CECD00A02EF38F9D5 /* LibraryDragDropTests.swift in Sources */ = {isa = PBXBuildFile; fileRef = 06D06AF433F711F03E4F7B6E /* LibraryDragDropTests.swift */; };
		FAE76CE489A9405513AD508F /* ZoteroImportXPCConnectionPolicy.swift in Sources */ = {isa = PBXBuildFile; fileRef = 2B2944D9C3F184043CD9D895 /* ZoteroImportXPCConnectionPolicy.swift */; };
		FB55D8FD66278CC5D4D022D0 /* LibraryTableView.swift in Sources */ = {isa = PBXBuildFile; fileRef = 8F7E981F2906D52C08B550DF /* LibraryTableView.swift */; };
		FD8EB90D647B8C1477B8DD4D /* LibraryManagementView.swift in Sources */ = {isa = PBXBuildFile; fileRef = 6D64B77A7BD1986CDDE927FE /* LibraryManagementView.swift */; };
		FE344A4F3FFF86C387CE1961 /* ZoteroImportXPCProtocol.swift in Sources */ = {isa = PBXBuildFile; fileRef = 5DDFA11351CA55E04D422B01 /* ZoteroImportXPCProtocol.swift */; };
		FE7A707AE29FEF4A172D4710 /* ZoteroAPI.swift in Sources */ = {isa = PBXBuildFile; fileRef = 8C51025017EB75330DD58799 /* ZoteroAPI.swift */; };
		FE891CFC7127EEB8A4BD6FC7 /* TranslationController.swift in Sources */ = {isa = PBXBuildFile; fileRef = 4ACA72A5E79BC8728F19084D /* TranslationController.swift */; };
/* End PBXBuildFile section */

/* Begin PBXContainerItemProxy section */
		0D9A368F0886906B3C112BC0 /* PBXContainerItemProxy */ = {
			isa = PBXContainerItemProxy;
			containerPortal = 8ACF5AB7F475D09A84C9659A /* Project object */;
			proxyType = 1;
			remoteGlobalIDString = ECB1BDD55B69EB28014274A8;
			remoteInfo = LurumeTranslationService;
		};
		7D946781A3E2B4CA1DBA8974 /* PBXContainerItemProxy */ = {
			isa = PBXContainerItemProxy;
			containerPortal = 8ACF5AB7F475D09A84C9659A /* Project object */;
			proxyType = 1;
			remoteGlobalIDString = 368696143A824B4F1614148D;
			remoteInfo = LurumeZoteroImportService;
		};
		BD8B2D506B52C9A7F80D33FF /* PBXContainerItemProxy */ = {
			isa = PBXContainerItemProxy;
			containerPortal = 8ACF5AB7F475D09A84C9659A /* Project object */;
			proxyType = 1;
			remoteGlobalIDString = 779F1ED0E93272ED9E741B01;
			remoteInfo = Lurume;
		};
		F253CA750FEE44F6DAF09B92 /* PBXContainerItemProxy */ = {
			isa = PBXContainerItemProxy;
			containerPortal = 8ACF5AB7F475D09A84C9659A /* Project object */;
			proxyType = 1;
			remoteGlobalIDString = ECB1BDD55B69EB28014274A8;
			remoteInfo = LurumeTranslationService;
		};
/* End PBXContainerItemProxy section */

/* Begin PBXCopyFilesBuildPhase section */
		88D746CE873AC481F108397C /* CopyFiles */ = {
			isa = PBXCopyFilesBuildPhase;
			buildActionMask = 2147483647;
			dstPath = "$(CONTENTS_FOLDER_PATH)/XPCServices";
			dstSubfolderSpec = 16;
			files = (
				293A7207697643F6E957F3A6 /* LurumeTranslationService.xpc in CopyFiles */,
				55EAB7FB03ADEB10D1530775 /* LurumeZoteroImportService.xpc in CopyFiles */,
			);
			runOnlyForDeploymentPostprocessing = 0;
		};
		F002CE469BB578B05AC8E75D /* CopyFiles */ = {
			isa = PBXCopyFilesBuildPhase;
			buildActionMask = 2147483647;
			dstPath = "$(CONTENTS_FOLDER_PATH)/XPCServices";
			dstSubfolderSpec = 16;
			files = (
				41FD93F70589AA16993061E4 /* LurumeTranslationService.xpc in CopyFiles */,
			);
			runOnlyForDeploymentPostprocessing = 0;
		};
/* End PBXCopyFilesBuildPhase section */

/* Begin PBXFileReference section */
		032EC53B9158647738493AB6 /* TranslationXPCProtocol.swift */ = {isa = PBXFileReference; lastKnownFileType = sourcecode.swift; path = TranslationXPCProtocol.swift; sourceTree = "<group>"; };
		040C195F10E062C42AC6E6F8 /* P7TranslationNetworkOperationTests.swift */ = {isa = PBXFileReference; lastKnownFileType = sourcecode.swift; path = P7TranslationNetworkOperationTests.swift; sourceTree = "<group>"; };
		04E0646022AA5A1039AD2D3F /* ReaderModeTransitionTests.swift */ = {isa = PBXFileReference; lastKnownFileType = sourcecode.swift; path = ReaderModeTransitionTests.swift; sourceTree = "<group>"; };
		06D06AF433F711F03E4F7B6E /* LibraryDragDropTests.swift */ = {isa = PBXFileReference; lastKnownFileType = sourcecode.swift; path = LibraryDragDropTests.swift; sourceTree = "<group>"; };
		094B182E8B2F8F86CF178DFB /* P8FolderImportTests.swift */ = {isa = PBXFileReference; lastKnownFileType = sourcecode.swift; path = P8FolderImportTests.swift; sourceTree = "<group>"; };
		09C68C64D3676F502236BD86 /* PaperRemovalCoordinatorTests.swift */ = {isa = PBXFileReference; lastKnownFileType = sourcecode.swift; path = PaperRemovalCoordinatorTests.swift; sourceTree = "<group>"; };
		0A66F42ECD28F65520797F64 /* PDFReaderView.swift */ = {isa = PBXFileReference; lastKnownFileType = sourcecode.swift; path = PDFReaderView.swift; sourceTree = "<group>"; };
		0B52C1CACB063DB3505EEF6C /* AppSettings.swift */ = {isa = PBXFileReference; lastKnownFileType = sourcecode.swift; path = AppSettings.swift; sourceTree = "<group>"; };
		0F8C1C08CBF4FFF8B4F00FDD /* ZoteroImportServiceCoreTests.swift */ = {isa = PBXFileReference; lastKnownFileType = sourcecode.swift; path = ZoteroImportServiceCoreTests.swift; sourceTree = "<group>"; };
		13D4FB732F27567ED56D6D05 /* ModelTranslationConfiguration.swift */ = {isa = PBXFileReference; lastKnownFileType = sourcecode.swift; path = ModelTranslationConfiguration.swift; sourceTree = "<group>"; };
		1AC352337307455A20A17D1A /* TranslationControllerTests.swift */ = {isa = PBXFileReference; lastKnownFileType = sourcecode.swift; path = TranslationControllerTests.swift; sourceTree = "<group>"; };
		1B229DB5333C8E1D46A0AB95 /* LurumeSmokeTests.swift */ = {isa = PBXFileReference; lastKnownFileType = sourcecode.swift; path = LurumeSmokeTests.swift; sourceTree = "<group>"; };
		1C3B11CC74DE63BBBC3D20C9 /* main.swift */ = {isa = PBXFileReference; lastKnownFileType = sourcecode.swift; path = main.swift; sourceTree = "<group>"; };
		1DF3744718002E8D40888853 /* HighlightStore.swift */ = {isa = PBXFileReference; lastKnownFileType = sourcecode.swift; path = HighlightStore.swift; sourceTree = "<group>"; };
		1E4CE87BA8D875DB1CF932E5 /* UpdateTestHostApp.swift */ = {isa = PBXFileReference; lastKnownFileType = sourcecode.swift; path = UpdateTestHostApp.swift; sourceTree = "<group>"; };
		20CE4CB5998833B1454C74E2 /* HighlightPDFView.swift */ = {isa = PBXFileReference; lastKnownFileType = sourcecode.swift; path = HighlightPDFView.swift; sourceTree = "<group>"; };
		24AD4897FFDA174C8C3F064B /* FolderImportScanner.swift */ = {isa = PBXFileReference; lastKnownFileType = sourcecode.swift; path = FolderImportScanner.swift; sourceTree = "<group>"; };
		2B2944D9C3F184043CD9D895 /* ZoteroImportXPCConnectionPolicy.swift */ = {isa = PBXFileReference; lastKnownFileType = sourcecode.swift; path = ZoteroImportXPCConnectionPolicy.swift; sourceTree = "<group>"; };
		2B7B02F087BF7B9A01DDDE31 /* zh-Hans */ = {isa = PBXFileReference; lastKnownFileType = text.plist.strings; name = "zh-Hans"; path = "zh-Hans.lproj/InfoPlist.strings"; sourceTree = "<group>"; };
		3606AB5E358C1DBB00E5405A /* Info.plist */ = {isa = PBXFileReference; lastKnownFileType = text.plist; path = Info.plist; sourceTree = "<group>"; };
		38933BBA2EDB5594525C5540 /* main.swift */ = {isa = PBXFileReference; lastKnownFileType = sourcecode.swift; path = main.swift; sourceTree = "<group>"; };
		390A1F1BF533AFA28CCFD10F /* Credits.html */ = {isa = PBXFileReference; lastKnownFileType = text.html; path = Credits.html; sourceTree = "<group>"; };
		3ACD942D2A49387866E3E97E /* LurumeTranslationProbe.app */ = {isa = PBXFileReference; explicitFileType = wrapper.application; includeInIndex = 0; path = LurumeTranslationProbe.app; sourceTree = BUILT_PRODUCTS_DIR; };
		3C0C186E21CE73620E1ECB1C /* PDFNavigationSidebar.swift */ = {isa = PBXFileReference; lastKnownFileType = sourcecode.swift; path = PDFNavigationSidebar.swift; sourceTree = "<group>"; };
		3FD9E72182171E98BCF9C525 /* ZoteroImportAuthorization.swift */ = {isa = PBXFileReference; lastKnownFileType = sourcecode.swift; path = ZoteroImportAuthorization.swift; sourceTree = "<group>"; };
		4162D6E87B60ECDCF319814E /* ZoteroImportCoordinator.swift */ = {isa = PBXFileReference; lastKnownFileType = sourcecode.swift; path = ZoteroImportCoordinator.swift; sourceTree = "<group>"; };
		451E4AC55AABA630D088790D /* SecurityScopedFile.swift */ = {isa = PBXFileReference; lastKnownFileType = sourcecode.swift; path = SecurityScopedFile.swift; sourceTree = "<group>"; };
		4ACA72A5E79BC8728F19084D /* TranslationController.swift */ = {isa = PBXFileReference; lastKnownFileType = sourcecode.swift; path = TranslationController.swift; sourceTree = "<group>"; };
		4F05DC840E0964B0F46F963B /* ZoteroImportXPCIntegrationTests.swift */ = {isa = PBXFileReference; lastKnownFileType = sourcecode.swift; path = ZoteroImportXPCIntegrationTests.swift; sourceTree = "<group>"; };
		50CE51B033570DB20B180628 /* LibraryPersistenceTests.swift */ = {isa = PBXFileReference; lastKnownFileType = sourcecode.swift; path = LibraryPersistenceTests.swift; sourceTree = "<group>"; };
		5294525FCF269307315AAFD4 /* LibraryCollectionStoreTests.swift */ = {isa = PBXFileReference; lastKnownFileType = sourcecode.swift; path = LibraryCollectionStoreTests.swift; sourceTree = "<group>"; };
		53CF2BD0282B0452978CC108 /* Lurume.app */ = {isa = PBXFileReference; explicitFileType = wrapper.application; includeInIndex = 0; path = Lurume.app; sourceTree = BUILT_PRODUCTS_DIR; };
		555A210A28D6F92DE8F57FAA /* FolderImportTransaction.swift */ = {isa = PBXFileReference; lastKnownFileType = sourcecode.swift; path = FolderImportTransaction.swift; sourceTree = "<group>"; };
		5A6ED549FB633F5C0CB50C62 /* P8LibraryModelTests.swift */ = {isa = PBXFileReference; lastKnownFileType = sourcecode.swift; path = P8LibraryModelTests.swift; sourceTree = "<group>"; };
		5ADC9C439BE92821AED7C642 /* TranslationXPCConnectionPolicy.swift */ = {isa = PBXFileReference; lastKnownFileType = sourcecode.swift; path = TranslationXPCConnectionPolicy.swift; sourceTree = "<group>"; };
		5AF258DB2C0B0F3B21B5A12D /* PaperRemovalCoordinator.swift */ = {isa = PBXFileReference; lastKnownFileType = sourcecode.swift; path = PaperRemovalCoordinator.swift; sourceTree = "<group>"; };
		5C243547A0A3A00604D4C51C /* ZoteroImportWizardView.swift */ = {isa = PBXFileReference; lastKnownFileType = sourcecode.swift; path = ZoteroImportWizardView.swift; sourceTree = "<group>"; };
		5DDFA11351CA55E04D422B01 /* ZoteroImportXPCProtocol.swift */ = {isa = PBXFileReference; lastKnownFileType = sourcecode.swift; path = ZoteroImportXPCProtocol.swift; sourceTree = "<group>"; };
		5E1C788C814921FADF9D45E2 /* UpdateTestHost.entitlements */ = {isa = PBXFileReference; lastKnownFileType = text.plist.entitlements; path = UpdateTestHost.entitlements; sourceTree = "<group>"; };
		5ED65E36600BE3C5B70D402A /* P8ImportPlanningTests.swift */ = {isa = PBXFileReference; lastKnownFileType = sourcecode.swift; path = P8ImportPlanningTests.swift; sourceTree = "<group>"; };
		6026208784328D8B45E4805D /* main.swift */ = {isa = PBXFileReference; lastKnownFileType = sourcecode.swift; path = main.swift; sourceTree = "<group>"; };
		6662DB14AB725B65D5107D51 /* TranslationXPCClient.swift */ = {isa = PBXFileReference; lastKnownFileType = sourcecode.swift; path = TranslationXPCClient.swift; sourceTree = "<group>"; };
		6741F46CA962F25B42E43E09 /* LibraryDragDrop.swift */ = {isa = PBXFileReference; lastKnownFileType = sourcecode.swift; path = LibraryDragDrop.swift; sourceTree = "<group>"; };
		67ED0DE1FEE1DFEEA102642F /* Lurume.entitlements */ = {isa = PBXFileReference; lastKnownFileType = text.plist.entitlements; path = Lurume.entitlements; sourceTree = "<group>"; };
		69B756115E8CF6D3EA802039 /* ZoteroImportXPCClient.swift */ = {isa = PBXFileReference; lastKnownFileType = sourcecode.swift; path = ZoteroImportXPCClient.swift; sourceTree = "<group>"; };
		6CDB4FFF66903850755F56A6 /* CollectionExpansionStateTests.swift */ = {isa = PBXFileReference; lastKnownFileType = sourcecode.swift; path = CollectionExpansionStateTests.swift; sourceTree = "<group>"; };
		6D64B77A7BD1986CDDE927FE /* LibraryManagementView.swift */ = {isa = PBXFileReference; lastKnownFileType = sourcecode.swift; path = LibraryManagementView.swift; sourceTree = "<group>"; };
		6E489A1C10FD4AE7E9A33154 /* LibraryOrganizationTests.swift */ = {isa = PBXFileReference; lastKnownFileType = sourcecode.swift; path = LibraryOrganizationTests.swift; sourceTree = "<group>"; };
		6F541B6F7724A857648FF173 /* Info.plist */ = {isa = PBXFileReference; lastKnownFileType = text.plist; path = Info.plist; sourceTree = "<group>"; };
		70EE537C1DA409FE0C8BFD5B /* LibraryPersistence.swift */ = {isa = PBXFileReference; lastKnownFileType = sourcecode.swift; path = LibraryPersistence.swift; sourceTree = "<group>"; };
		7357965D8D0C423680ACCF0B /* LibraryStore.swift */ = {isa = PBXFileReference; lastKnownFileType = sourcecode.swift; path = LibraryStore.swift; sourceTree = "<group>"; };
		789C9BD0BF42B18AAA63CF52 /* ZoteroAPIRequestOperation.swift */ = {isa = PBXFileReference; lastKnownFileType = sourcecode.swift; path = ZoteroAPIRequestOperation.swift; sourceTree = "<group>"; };
		7C778B6C50C6E4415F71CB8F /* OpenAIChatCompletionsTests.swift */ = {isa = PBXFileReference; lastKnownFileType = sourcecode.swift; path = OpenAIChatCompletionsTests.swift; sourceTree = "<group>"; };
		7E269862DD1425149A23F616 /* FolderImportWizardView.swift */ = {isa = PBXFileReference; lastKnownFileType = sourcecode.swift; path = FolderImportWizardView.swift; sourceTree = "<group>"; };
		813B2765B8739B290712AAD7 /* ContentView.swift */ = {isa = PBXFileReference; lastKnownFileType = sourcecode.swift; path = ContentView.swift; sourceTree = "<group>"; };
		83C060B9B8CAE158F8A0B938 /* MainWindowMode.swift */ = {isa = PBXFileReference; lastKnownFileType = sourcecode.swift; path = MainWindowMode.swift; sourceTree = "<group>"; };
		83DE810265C2BFA72E2A33E7 /* CollectionExpansionState.swift */ = {isa = PBXFileReference; lastKnownFileType = sourcecode.swift; path = CollectionExpansionState.swift; sourceTree = "<group>"; };
		84DFEEEEEFB00E092E4208D9 /* LurumeUpdateTestHost.app */ = {isa = PBXFileReference; explicitFileType = wrapper.application; includeInIndex = 0; path = LurumeUpdateTestHost.app; sourceTree = BUILT_PRODUCTS_DIR; };
		862485423CEF552ECEA8712C /* TranslationAPIKeyStore.swift */ = {isa = PBXFileReference; lastKnownFileType = sourcecode.swift; path = TranslationAPIKeyStore.swift; sourceTree = "<group>"; };
		87B7F5D98EF6A4B100711620 /* TranslationInspector.swift */ = {isa = PBXFileReference; lastKnownFileType = sourcecode.swift; path = TranslationInspector.swift; sourceTree = "<group>"; };
		8C41FFA7D8E56BD22C5C53E0 /* TranslationServiceCoreTests.xctest */ = {isa = PBXFileReference; explicitFileType = wrapper.cfbundle; includeInIndex = 0; path = TranslationServiceCoreTests.xctest; sourceTree = BUILT_PRODUCTS_DIR; };
		8C51025017EB75330DD58799 /* ZoteroAPI.swift */ = {isa = PBXFileReference; lastKnownFileType = sourcecode.swift; path = ZoteroAPI.swift; sourceTree = "<group>"; };
		8F7E981F2906D52C08B550DF /* LibraryTableView.swift */ = {isa = PBXFileReference; lastKnownFileType = sourcecode.swift; path = LibraryTableView.swift; sourceTree = "<group>"; };
		95B0193F4D7D2AD499EFE01F /* LibraryImportPlanning.swift */ = {isa = PBXFileReference; lastKnownFileType = sourcecode.swift; path = LibraryImportPlanning.swift; sourceTree = "<group>"; };
		969EC9C892796AB815567020 /* TextNormalizerTests.swift */ = {isa = PBXFileReference; lastKnownFileType = sourcecode.swift; path = TextNormalizerTests.swift; sourceTree = "<group>"; };
		9AABCAEA8379FB217EF98010 /* LibrarySchema.swift */ = {isa = PBXFileReference; lastKnownFileType = sourcecode.swift; path = LibrarySchema.swift; sourceTree = "<group>"; };
		9ED4F28F3AC041E0B7DD85EF /* ZoteroImportServiceCoreTests.xctest */ = {isa = PBXFileReference; explicitFileType = wrapper.cfbundle; includeInIndex = 0; path = ZoteroImportServiceCoreTests.xctest; sourceTree = BUILT_PRODUCTS_DIR; };
		A20C3BF4B7E2E5A5F0024822 /* TranslationService.swift */ = {isa = PBXFileReference; lastKnownFileType = sourcecode.swift; path = TranslationService.swift; sourceTree = "<group>"; };
		A4CFEA4F57F7E8D2B977F96A /* ZoteroImportTransaction.swift */ = {isa = PBXFileReference; lastKnownFileType = sourcecode.swift; path = ZoteroImportTransaction.swift; sourceTree = "<group>"; };
		AB955026060739BD5916EF09 /* ImportCommands.swift */ = {isa = PBXFileReference; lastKnownFileType = sourcecode.swift; path = ImportCommands.swift; sourceTree = "<group>"; };
		AE34817476A47CB79EE52E19 /* ZoteroImportService.entitlements */ = {isa = PBXFileReference; lastKnownFileType = text.plist.entitlements; path = ZoteroImportService.entitlements; sourceTree = "<group>"; };
		AF9CA75918F1517CF9434D8D /* LibraryTableInteractionTests.swift */ = {isa = PBXFileReference; lastKnownFileType = sourcecode.swift; path = LibraryTableInteractionTests.swift; sourceTree = "<group>"; };
		AFC3AEEC47850CAD1D41191E /* P8ZoteroTransactionTests.swift */ = {isa = PBXFileReference; lastKnownFileType = sourcecode.swift; path = P8ZoteroTransactionTests.swift; sourceTree = "<group>"; };
		B1CA5FB5868E0A8EDB1056D6 /* zh-Hans */ = {isa = PBXFileReference; lastKnownFileType = text.plist.strings; name = "zh-Hans"; path = "zh-Hans.lproj/Localizable.strings"; sourceTree = "<group>"; };
		B332936519E7741B917213C1 /* FileIdentityTests.swift */ = {isa = PBXFileReference; lastKnownFileType = sourcecode.swift; path = FileIdentityTests.swift; sourceTree = "<group>"; };
		B43B08E498537804DB3769E8 /* SettingsView.swift */ = {isa = PBXFileReference; lastKnownFileType = sourcecode.swift; path = SettingsView.swift; sourceTree = "<group>"; };
		B84CEE7D84F804319313E2FC /* HighlightPersistenceTests.swift */ = {isa = PBXFileReference; lastKnownFileType = sourcecode.swift; path = HighlightPersistenceTests.swift; sourceTree = "<group>"; };
		B8A2CEFED2568E02C16AA36E /* HighlightPersistence.swift */ = {isa = PBXFileReference; lastKnownFileType = sourcecode.swift; path = HighlightPersistence.swift; sourceTree = "<group>"; };
		BA1583E513232AC7D0AA7CA0 /* TextNormalizer.swift */ = {isa = PBXFileReference; lastKnownFileType = sourcecode.swift; path = TextNormalizer.swift; sourceTree = "<group>"; };
		BB2B984DBC08D82D40CE6169 /* Info.plist */ = {isa = PBXFileReference; lastKnownFileType = text.plist; path = Info.plist; sourceTree = "<group>"; };
		BC5F48DA0E16EBAC5F6646BE /* PaperMetadataTests.swift */ = {isa = PBXFileReference; lastKnownFileType = sourcecode.swift; path = PaperMetadataTests.swift; sourceTree = "<group>"; };
		BC772EC1C936FF8AD61BEF67 /* TranslationService.entitlements */ = {isa = PBXFileReference; lastKnownFileType = text.plist.entitlements; path = TranslationService.entitlements; sourceTree = "<group>"; };
		C16B80008F9AD710A4C45D53 /* Info.plist */ = {isa = PBXFileReference; lastKnownFileType = text.plist; path = Info.plist; sourceTree = "<group>"; };
		C4B1046217A0A7510C373C81 /* Probe.entitlements */ = {isa = PBXFileReference; lastKnownFileType = text.plist.entitlements; path = Probe.entitlements; sourceTree = "<group>"; };
		CE8CD7C388BCCCF781BEFEB6 /* TranslationXPCIntegrationTests.swift */ = {isa = PBXFileReference; lastKnownFileType = sourcecode.swift; path = TranslationXPCIntegrationTests.swift; sourceTree = "<group>"; };
		CF9734898B3282BC4665E433 /* LurumeTests.xctest */ = {isa = PBXFileReference; explicitFileType = wrapper.cfbundle; includeInIndex = 0; path = LurumeTests.xctest; sourceTree = BUILT_PRODUCTS_DIR; };
		D5CEDBC108CC9BF9AF43AC88 /* Info.plist */ = {isa = PBXFileReference; lastKnownFileType = text.plist; path = Info.plist; sourceTree = "<group>"; };
		D5F0A993439697CA78EE2982 /* LurumeZoteroImportService.xpc */ = {isa = PBXFileReference; explicitFileType = "wrapper.xpc-service"; includeInIndex = 0; path = LurumeZoteroImportService.xpc; sourceTree = BUILT_PRODUCTS_DIR; };
		D73B627EB34ED8B5CEBCB05B /* FolderImportCoordinator.swift */ = {isa = PBXFileReference; lastKnownFileType = sourcecode.swift; path = FolderImportCoordinator.swift; sourceTree = "<group>"; };
		D831557D3FC647DADCAD9420 /* LibrarySaveSafetyTests.swift */ = {isa = PBXFileReference; lastKnownFileType = sourcecode.swift; path = LibrarySaveSafetyTests.swift; sourceTree = "<group>"; };
		D8903F807C3C628B22038F66 /* TranslationXPCConnectionPolicyTests.swift */ = {isa = PBXFileReference; lastKnownFileType = sourcecode.swift; path = TranslationXPCConnectionPolicyTests.swift; sourceTree = "<group>"; };
		DC99175073F30FE9C56F0DC9 /* ModelTranslationSettingsController.swift */ = {isa = PBXFileReference; lastKnownFileType = sourcecode.swift; path = ModelTranslationSettingsController.swift; sourceTree = "<group>"; };
		E0325E1A53B306B4E070020D /* LibraryModels.swift */ = {isa = PBXFileReference; lastKnownFileType = sourcecode.swift; path = LibraryModels.swift; sourceTree = "<group>"; };
		E2DD1BB9E639067387C339DF /* LurumeTranslationService.xpc */ = {isa = PBXFileReference; explicitFileType = "wrapper.xpc-service"; includeInIndex = 0; path = LurumeTranslationService.xpc; sourceTree = BUILT_PRODUCTS_DIR; };
		E4B1E8C5AAC4A05692CCB495 /* TranslationRequestOperation.swift */ = {isa = PBXFileReference; lastKnownFileType = sourcecode.swift; path = TranslationRequestOperation.swift; sourceTree = "<group>"; };
		E84158311BB335DE2B886431 /* BibliographicMetadataEditing.swift */ = {isa = PBXFileReference; lastKnownFileType = sourcecode.swift; path = BibliographicMetadataEditing.swift; sourceTree = "<group>"; };
		E98CC2FD6E3829DE0DF21FA4 /* BibliographicMetadataEditingTests.swift */ = {isa = PBXFileReference; lastKnownFileType = sourcecode.swift; path = BibliographicMetadataEditingTests.swift; sourceTree = "<group>"; };
		EB67A6A41839515674054B2B /* UpdaterController.swift */ = {isa = PBXFileReference; lastKnownFileType = sourcecode.swift; path = UpdaterController.swift; sourceTree = "<group>"; };
		EBD276D9AB2C63D7E24FDE04 /* Sparkle-LICENSE.txt */ = {isa = PBXFileReference; lastKnownFileType = text; path = "Sparkle-LICENSE.txt"; sourceTree = "<group>"; };
		EC5484C864E05733C0A97EE0 /* OpenAIChatCompletions.swift */ = {isa = PBXFileReference; lastKnownFileType = sourcecode.swift; path = OpenAIChatCompletions.swift; sourceTree = "<group>"; };
		EDCEED45D44F9A78BABF93BC /* LurumeApp.swift */ = {isa = PBXFileReference; lastKnownFileType = sourcecode.swift; path = LurumeApp.swift; sourceTree = "<group>"; };
		EFEAA76699D454EB7F711760 /* HighlightModels.swift */ = {isa = PBXFileReference; lastKnownFileType = sourcecode.swift; path = HighlightModels.swift; sourceTree = "<group>"; };
		F6926A08DEB7D03C4C95EF04 /* README.md */ = {isa = PBXFileReference; lastKnownFileType = net.daringfireball.markdown; path = README.md; sourceTree = "<group>"; };
		F9428536C328CED99D35DAFC /* ZoteroImportService.swift */ = {isa = PBXFileReference; lastKnownFileType = sourcecode.swift; path = ZoteroImportService.swift; sourceTree = "<group>"; };
		FC49AD84FACDAB3ED5163A55 /* SystemPaperMetadataReader.swift */ = {isa = PBXFileReference; lastKnownFileType = sourcecode.swift; path = SystemPaperMetadataReader.swift; sourceTree = "<group>"; };
		FFBCE235CDCC1C9AC3DC27B0 /* ModelTranslationConfigurationTests.swift */ = {isa = PBXFileReference; lastKnownFileType = sourcecode.swift; path = ModelTranslationConfigurationTests.swift; sourceTree = "<group>"; };
/* End PBXFileReference section */

/* Begin PBXFrameworksBuildPhase section */
		D2C1B190288ADFF45B44786D /* Frameworks */ = {
			isa = PBXFrameworksBuildPhase;
			buildActionMask = 2147483647;
			files = (
				8226C9EA96CDAE79A9037711 /* Sparkle in Frameworks */,
			);
			runOnlyForDeploymentPostprocessing = 0;
		};
		D55AC83A58996AA45E35F1CD /* Frameworks */ = {
			isa = PBXFrameworksBuildPhase;
			buildActionMask = 2147483647;
			files = (
				D1242E4189B37507D07D2D68 /* Sparkle in Frameworks */,
			);
			runOnlyForDeploymentPostprocessing = 0;
		};
/* End PBXFrameworksBuildPhase section */

/* Begin PBXGroup section */
		0E20D9A5001B99B680F3CF4A = {
			isa = PBXGroup;
			children = (
				ACCE83C796860BE9C6970E8D /* Lurume */,
				F3DCD83738E5075D4829D5A4 /* LurumeTests */,
				9152E64866BEE159FFEC5A05 /* P7TranslationProbe */,
				988BAF39698A4D28B05BECB8 /* Shared */,
				6DF8109617A9691AF910DCFE /* TranslationService */,
				FB2BA6D0174446EE4915D5F4 /* TranslationServiceCore */,
				A7FADA2AF74A6469ED5CD483 /* TranslationServiceCoreTests */,
				ADD18A1239AFEBDD28A7D017 /* UpdateTestHost */,
				E475D31F2A5B471C22E686A5 /* ZoteroImportService */,
				81A83D908D010C7E7CCCC29F /* ZoteroImportServiceCore */,
				E3EA160AF179649F3B3CD3B6 /* ZoteroImportServiceCoreTests */,
				757959D7A08DD5BDF6993CB1 /* Products */,
			);
			sourceTree = "<group>";
		};
		6DF8109617A9691AF910DCFE /* TranslationService */ = {
			isa = PBXGroup;
			children = (
				3606AB5E358C1DBB00E5405A /* Info.plist */,
				6026208784328D8B45E4805D /* main.swift */,
				BC772EC1C936FF8AD61BEF67 /* TranslationService.entitlements */,
				A20C3BF4B7E2E5A5F0024822 /* TranslationService.swift */,
			);
			path = TranslationService;
			sourceTree = "<group>";
		};
		757959D7A08DD5BDF6993CB1 /* Products */ = {
			isa = PBXGroup;
			children = (
				53CF2BD0282B0452978CC108 /* Lurume.app */,
				CF9734898B3282BC4665E433 /* LurumeTests.xctest */,
				3ACD942D2A49387866E3E97E /* LurumeTranslationProbe.app */,
				E2DD1BB9E639067387C339DF /* LurumeTranslationService.xpc */,
				84DFEEEEEFB00E092E4208D9 /* LurumeUpdateTestHost.app */,
				D5F0A993439697CA78EE2982 /* LurumeZoteroImportService.xpc */,
				8C41FFA7D8E56BD22C5C53E0 /* TranslationServiceCoreTests.xctest */,
				9ED4F28F3AC041E0B7DD85EF /* ZoteroImportServiceCoreTests.xctest */,
			);
			name = Products;
			sourceTree = "<group>";
		};
		81A83D908D010C7E7CCCC29F /* ZoteroImportServiceCore */ = {
			isa = PBXGroup;
			children = (
				8C51025017EB75330DD58799 /* ZoteroAPI.swift */,
				789C9BD0BF42B18AAA63CF52 /* ZoteroAPIRequestOperation.swift */,
			);
			path = ZoteroImportServiceCore;
			sourceTree = "<group>";
		};
		9152E64866BEE159FFEC5A05 /* P7TranslationProbe */ = {
			isa = PBXGroup;
			children = (
				BB2B984DBC08D82D40CE6169 /* Info.plist */,
				1C3B11CC74DE63BBBC3D20C9 /* main.swift */,
				C4B1046217A0A7510C373C81 /* Probe.entitlements */,
			);
			name = P7TranslationProbe;
			path = Tests/P7TranslationProbe;
			sourceTree = "<group>";
		};
		988BAF39698A4D28B05BECB8 /* Shared */ = {
			isa = PBXGroup;
			children = (
				5ADC9C439BE92821AED7C642 /* TranslationXPCConnectionPolicy.swift */,
				032EC53B9158647738493AB6 /* TranslationXPCProtocol.swift */,
				2B2944D9C3F184043CD9D895 /* ZoteroImportXPCConnectionPolicy.swift */,
				5DDFA11351CA55E04D422B01 /* ZoteroImportXPCProtocol.swift */,
			);
			path = Shared;
			sourceTree = "<group>";
		};
		A7FADA2AF74A6469ED5CD483 /* TranslationServiceCoreTests */ = {
			isa = PBXGroup;
			children = (
				7C778B6C50C6E4415F71CB8F /* OpenAIChatCompletionsTests.swift */,
				040C195F10E062C42AC6E6F8 /* P7TranslationNetworkOperationTests.swift */,
				D8903F807C3C628B22038F66 /* TranslationXPCConnectionPolicyTests.swift */,
			);
			name = TranslationServiceCoreTests;
			path = Tests/TranslationServiceCoreTests;
			sourceTree = "<group>";
		};
		ACCE83C796860BE9C6970E8D /* Lurume */ = {
			isa = PBXGroup;
			children = (
				0B52C1CACB063DB3505EEF6C /* AppSettings.swift */,
				E84158311BB335DE2B886431 /* BibliographicMetadataEditing.swift */,
				83DE810265C2BFA72E2A33E7 /* CollectionExpansionState.swift */,
				813B2765B8739B290712AAD7 /* ContentView.swift */,
				390A1F1BF533AFA28CCFD10F /* Credits.html */,
				D73B627EB34ED8B5CEBCB05B /* FolderImportCoordinator.swift */,
				24AD4897FFDA174C8C3F064B /* FolderImportScanner.swift */,
				555A210A28D6F92DE8F57FAA /* FolderImportTransaction.swift */,
				7E269862DD1425149A23F616 /* FolderImportWizardView.swift */,
				EFEAA76699D454EB7F711760 /* HighlightModels.swift */,
				20CE4CB5998833B1454C74E2 /* HighlightPDFView.swift */,
				B8A2CEFED2568E02C16AA36E /* HighlightPersistence.swift */,
				1DF3744718002E8D40888853 /* HighlightStore.swift */,
				AB955026060739BD5916EF09 /* ImportCommands.swift */,
				6F541B6F7724A857648FF173 /* Info.plist */,
				6741F46CA962F25B42E43E09 /* LibraryDragDrop.swift */,
				95B0193F4D7D2AD499EFE01F /* LibraryImportPlanning.swift */,
				6D64B77A7BD1986CDDE927FE /* LibraryManagementView.swift */,
				E0325E1A53B306B4E070020D /* LibraryModels.swift */,
				70EE537C1DA409FE0C8BFD5B /* LibraryPersistence.swift */,
				9AABCAEA8379FB217EF98010 /* LibrarySchema.swift */,
				7357965D8D0C423680ACCF0B /* LibraryStore.swift */,
				8F7E981F2906D52C08B550DF /* LibraryTableView.swift */,
				67ED0DE1FEE1DFEEA102642F /* Lurume.entitlements */,
				EDCEED45D44F9A78BABF93BC /* LurumeApp.swift */,
				83C060B9B8CAE158F8A0B938 /* MainWindowMode.swift */,
				13D4FB732F27567ED56D6D05 /* ModelTranslationConfiguration.swift */,
				DC99175073F30FE9C56F0DC9 /* ModelTranslationSettingsController.swift */,
				5AF258DB2C0B0F3B21B5A12D /* PaperRemovalCoordinator.swift */,
				3C0C186E21CE73620E1ECB1C /* PDFNavigationSidebar.swift */,
				0A66F42ECD28F65520797F64 /* PDFReaderView.swift */,
				451E4AC55AABA630D088790D /* SecurityScopedFile.swift */,
				B43B08E498537804DB3769E8 /* SettingsView.swift */,
				EBD276D9AB2C63D7E24FDE04 /* Sparkle-LICENSE.txt */,
				FC49AD84FACDAB3ED5163A55 /* SystemPaperMetadataReader.swift */,
				BA1583E513232AC7D0AA7CA0 /* TextNormalizer.swift */,
				862485423CEF552ECEA8712C /* TranslationAPIKeyStore.swift */,
				4ACA72A5E79BC8728F19084D /* TranslationController.swift */,
				87B7F5D98EF6A4B100711620 /* TranslationInspector.swift */,
				6662DB14AB725B65D5107D51 /* TranslationXPCClient.swift */,
				EB67A6A41839515674054B2B /* UpdaterController.swift */,
				3FD9E72182171E98BCF9C525 /* ZoteroImportAuthorization.swift */,
				4162D6E87B60ECDCF319814E /* ZoteroImportCoordinator.swift */,
				A4CFEA4F57F7E8D2B977F96A /* ZoteroImportTransaction.swift */,
				5C243547A0A3A00604D4C51C /* ZoteroImportWizardView.swift */,
				69B756115E8CF6D3EA802039 /* ZoteroImportXPCClient.swift */,
				002933A34CD2A16535238505 /* InfoPlist.strings */,
				5BDFE7ED94697A4351F79112 /* Localizable.strings */,
			);
			path = Lurume;
			sourceTree = "<group>";
		};
		ADD18A1239AFEBDD28A7D017 /* UpdateTestHost */ = {
			isa = PBXGroup;
			children = (
				C16B80008F9AD710A4C45D53 /* Info.plist */,
				F6926A08DEB7D03C4C95EF04 /* README.md */,
				5E1C788C814921FADF9D45E2 /* UpdateTestHost.entitlements */,
				1E4CE87BA8D875DB1CF932E5 /* UpdateTestHostApp.swift */,
			);
			name = UpdateTestHost;
			path = Tests/UpdateTestHost;
			sourceTree = "<group>";
		};
		E3EA160AF179649F3B3CD3B6 /* ZoteroImportServiceCoreTests */ = {
			isa = PBXGroup;
			children = (
				0F8C1C08CBF4FFF8B4F00FDD /* ZoteroImportServiceCoreTests.swift */,
			);
			name = ZoteroImportServiceCoreTests;
			path = Tests/ZoteroImportServiceCoreTests;
			sourceTree = "<group>";
		};
		E475D31F2A5B471C22E686A5 /* ZoteroImportService */ = {
			isa = PBXGroup;
			children = (
				D5CEDBC108CC9BF9AF43AC88 /* Info.plist */,
				38933BBA2EDB5594525C5540 /* main.swift */,
				AE34817476A47CB79EE52E19 /* ZoteroImportService.entitlements */,
				F9428536C328CED99D35DAFC /* ZoteroImportService.swift */,
			);
			path = ZoteroImportService;
			sourceTree = "<group>";
		};
		F3DCD83738E5075D4829D5A4 /* LurumeTests */ = {
			isa = PBXGroup;
			children = (
				E98CC2FD6E3829DE0DF21FA4 /* BibliographicMetadataEditingTests.swift */,
				6CDB4FFF66903850755F56A6 /* CollectionExpansionStateTests.swift */,
				B332936519E7741B917213C1 /* FileIdentityTests.swift */,
				B84CEE7D84F804319313E2FC /* HighlightPersistenceTests.swift */,
				5294525FCF269307315AAFD4 /* LibraryCollectionStoreTests.swift */,
				06D06AF433F711F03E4F7B6E /* LibraryDragDropTests.swift */,
				6E489A1C10FD4AE7E9A33154 /* LibraryOrganizationTests.swift */,
				50CE51B033570DB20B180628 /* LibraryPersistenceTests.swift */,
				D831557D3FC647DADCAD9420 /* LibrarySaveSafetyTests.swift */,
				AF9CA75918F1517CF9434D8D /* LibraryTableInteractionTests.swift */,
				1B229DB5333C8E1D46A0AB95 /* LurumeSmokeTests.swift */,
				FFBCE235CDCC1C9AC3DC27B0 /* ModelTranslationConfigurationTests.swift */,
				094B182E8B2F8F86CF178DFB /* P8FolderImportTests.swift */,
				5ED65E36600BE3C5B70D402A /* P8ImportPlanningTests.swift */,
				5A6ED549FB633F5C0CB50C62 /* P8LibraryModelTests.swift */,
				AFC3AEEC47850CAD1D41191E /* P8ZoteroTransactionTests.swift */,
				BC5F48DA0E16EBAC5F6646BE /* PaperMetadataTests.swift */,
				09C68C64D3676F502236BD86 /* PaperRemovalCoordinatorTests.swift */,
				04E0646022AA5A1039AD2D3F /* ReaderModeTransitionTests.swift */,
				969EC9C892796AB815567020 /* TextNormalizerTests.swift */,
				1AC352337307455A20A17D1A /* TranslationControllerTests.swift */,
				CE8CD7C388BCCCF781BEFEB6 /* TranslationXPCIntegrationTests.swift */,
				4F05DC840E0964B0F46F963B /* ZoteroImportXPCIntegrationTests.swift */,
			);
			path = LurumeTests;
			sourceTree = "<group>";
		};
		FB2BA6D0174446EE4915D5F4 /* TranslationServiceCore */ = {
			isa = PBXGroup;
			children = (
				EC5484C864E05733C0A97EE0 /* OpenAIChatCompletions.swift */,
				E4B1E8C5AAC4A05692CCB495 /* TranslationRequestOperation.swift */,
			);
			path = TranslationServiceCore;
			sourceTree = "<group>";
		};
/* End PBXGroup section */

/* Begin PBXNativeTarget section */
		368696143A824B4F1614148D /* LurumeZoteroImportService */ = {
			isa = PBXNativeTarget;
			buildConfigurationList = 94CDD3FEEDC0F40141BDF709 /* Build configuration list for PBXNativeTarget "LurumeZoteroImportService" */;
			buildPhases = (
				8CB388EEB3CA5BB386EB2CDD /* Sources */,
			);
			buildRules = (
			);
			dependencies = (
			);
			name = LurumeZoteroImportService;
			packageProductDependencies = (
			);
			productName = LurumeZoteroImportService;
			productReference = D5F0A993439697CA78EE2982 /* LurumeZoteroImportService.xpc */;
			productType = "com.apple.product-type.xpc-service";
		};
		4816BA9FF9B1BA0FFE06808D /* LurumeTests */ = {
			isa = PBXNativeTarget;
			buildConfigurationList = FD59C48A7B07799C8297AFB2 /* Build configuration list for PBXNativeTarget "LurumeTests" */;
			buildPhases = (
				3CC81F4DCEE3D427D78702B8 /* Sources */,
			);
			buildRules = (
			);
			dependencies = (
				447CDE3A396F87CE49290A91 /* PBXTargetDependency */,
			);
			name = LurumeTests;
			packageProductDependencies = (
			);
			productName = LurumeTests;
			productReference = CF9734898B3282BC4665E433 /* LurumeTests.xctest */;
			productType = "com.apple.product-type.bundle.unit-test";
		};
		6103760779185FF8770CD6FE /* LurumeUpdateTestHost */ = {
			isa = PBXNativeTarget;
			buildConfigurationList = DF8A62DDCD3E075A705B3413 /* Build configuration list for PBXNativeTarget "LurumeUpdateTestHost" */;
			buildPhases = (
				6FC74C0E0A795058C06274DD /* Sources */,
				B086C3D087FCB1A63B82DF35 /* Resources */,
				D2C1B190288ADFF45B44786D /* Frameworks */,
			);
			buildRules = (
			);
			dependencies = (
			);
			name = LurumeUpdateTestHost;
			packageProductDependencies = (
				3E5A34989D0B107DE3DBA0F3 /* Sparkle */,
			);
			productName = LurumeUpdateTestHost;
			productReference = 84DFEEEEEFB00E092E4208D9 /* LurumeUpdateTestHost.app */;
			productType = "com.apple.product-type.application";
		};
		73B7EC25919F035B6FB3EE3B /* LurumeTranslationProbe */ = {
			isa = PBXNativeTarget;
			buildConfigurationList = 8579C76A10E73EF7A2F94AFD /* Build configuration list for PBXNativeTarget "LurumeTranslationProbe" */;
			buildPhases = (
				74854DFC328DCDF9EDC5DDA3 /* Sources */,
				F002CE469BB578B05AC8E75D /* CopyFiles */,
			);
			buildRules = (
			);
			dependencies = (
				4378B8F312F0EB7BD68FE09E /* PBXTargetDependency */,
			);
			name = LurumeTranslationProbe;
			packageProductDependencies = (
			);
			productName = LurumeTranslationProbe;
			productReference = 3ACD942D2A49387866E3E97E /* LurumeTranslationProbe.app */;
			productType = "com.apple.product-type.application";
		};
		779F1ED0E93272ED9E741B01 /* Lurume */ = {
			isa = PBXNativeTarget;
			buildConfigurationList = 21BEAD6E81475DA701E6D089 /* Build configuration list for PBXNativeTarget "Lurume" */;
			buildPhases = (
				BA2ECAB65BA84E48A196DA2B /* Sources */,
				70E2FA50C1F981F7E7624F37 /* Resources */,
				88D746CE873AC481F108397C /* CopyFiles */,
				D55AC83A58996AA45E35F1CD /* Frameworks */,
			);
			buildRules = (
			);
			dependencies = (
				CF752E4268A29E7CD737A47B /* PBXTargetDependency */,
				A44B9DB36D111C564587C503 /* PBXTargetDependency */,
			);
			name = Lurume;
			packageProductDependencies = (
				DC297768AF2DDEF22B37325D /* Sparkle */,
			);
			productName = Lurume;
			productReference = 53CF2BD0282B0452978CC108 /* Lurume.app */;
			productType = "com.apple.product-type.application";
		};
		DB6B332F04F23DE1DF35E7A7 /* TranslationServiceCoreTests */ = {
			isa = PBXNativeTarget;
			buildConfigurationList = D327F3B78825EA75784E8D57 /* Build configuration list for PBXNativeTarget "TranslationServiceCoreTests" */;
			buildPhases = (
				8E779CEC5BFC88595F10003F /* Sources */,
			);
			buildRules = (
			);
			dependencies = (
			);
			name = TranslationServiceCoreTests;
			packageProductDependencies = (
			);
			productName = TranslationServiceCoreTests;
			productReference = 8C41FFA7D8E56BD22C5C53E0 /* TranslationServiceCoreTests.xctest */;
			productType = "com.apple.product-type.bundle.unit-test";
		};
		ECB1BDD55B69EB28014274A8 /* LurumeTranslationService */ = {
			isa = PBXNativeTarget;
			buildConfigurationList = F0731E76673567E78962BE7D /* Build configuration list for PBXNativeTarget "LurumeTranslationService" */;
			buildPhases = (
				6080B5D90A2AD06E32C2B3A2 /* Sources */,
			);
			buildRules = (
			);
			dependencies = (
			);
			name = LurumeTranslationService;
			packageProductDependencies = (
			);
			productName = LurumeTranslationService;
			productReference = E2DD1BB9E639067387C339DF /* LurumeTranslationService.xpc */;
			productType = "com.apple.product-type.xpc-service";
		};
		FFDF0F815747DF0A618F36BF /* ZoteroImportServiceCoreTests */ = {
			isa = PBXNativeTarget;
			buildConfigurationList = 25FC56CB7EDBA7430696D53C /* Build configuration list for PBXNativeTarget "ZoteroImportServiceCoreTests" */;
			buildPhases = (
				74E677FBD604CED847A346EE /* Sources */,
			);
			buildRules = (
			);
			dependencies = (
			);
			name = ZoteroImportServiceCoreTests;
			packageProductDependencies = (
			);
			productName = ZoteroImportServiceCoreTests;
			productReference = 9ED4F28F3AC041E0B7DD85EF /* ZoteroImportServiceCoreTests.xctest */;
			productType = "com.apple.product-type.bundle.unit-test";
		};
/* End PBXNativeTarget section */

/* Begin PBXProject section */
		8ACF5AB7F475D09A84C9659A /* Project object */ = {
			isa = PBXProject;
			attributes = {
				BuildIndependentTargetsInParallel = YES;
				LastUpgradeCheck = 2630;
				TargetAttributes = {
					368696143A824B4F1614148D = {
						ProvisioningStyle = Automatic;
					};
					6103760779185FF8770CD6FE = {
						ProvisioningStyle = Automatic;
					};
					73B7EC25919F035B6FB3EE3B = {
						ProvisioningStyle = Automatic;
					};
					779F1ED0E93272ED9E741B01 = {
						ProvisioningStyle = Automatic;
					};
					ECB1BDD55B69EB28014274A8 = {
						ProvisioningStyle = Automatic;
					};
				};
			};
			buildConfigurationList = 697174455B0BCA80CD5DFA4C /* Build configuration list for PBXProject "Lurume" */;
			developmentRegion = "zh-Hans";
			hasScannedForEncodings = 0;
			knownRegions = (
				Base,
				"zh-Hans",
			);
			mainGroup = 0E20D9A5001B99B680F3CF4A;
			minimizedProjectReferenceProxies = 1;
			packageReferences = (
				D7D20F7960AE9ECDEF33D972 /* XCRemoteSwiftPackageReference "Sparkle" */,
			);
			preferredProjectObjectVersion = 77;
			productRefGroup = 757959D7A08DD5BDF6993CB1 /* Products */;
			projectDirPath = "";
			projectRoot = "";
			targets = (
				779F1ED0E93272ED9E741B01 /* Lurume */,
				ECB1BDD55B69EB28014274A8 /* LurumeTranslationService */,
				368696143A824B4F1614148D /* LurumeZoteroImportService */,
				4816BA9FF9B1BA0FFE06808D /* LurumeTests */,
				DB6B332F04F23DE1DF35E7A7 /* TranslationServiceCoreTests */,
				FFDF0F815747DF0A618F36BF /* ZoteroImportServiceCoreTests */,
				6103760779185FF8770CD6FE /* LurumeUpdateTestHost */,
				73B7EC25919F035B6FB3EE3B /* LurumeTranslationProbe */,
			);
		};
/* End PBXProject section */

/* Begin PBXResourcesBuildPhase section */
		70E2FA50C1F981F7E7624F37 /* Resources */ = {
			isa = PBXResourcesBuildPhase;
			buildActionMask = 2147483647;
			files = (
				15EDF2A25C2A3FEAE4972ED4 /* Credits.html in Resources */,
				2D0ED8285C80930DD3959F6C /* InfoPlist.strings in Resources */,
				95E6621DB260C534F214A262 /* Localizable.strings in Resources */,
				093780883DA94598BE5C29AF /* Sparkle-LICENSE.txt in Resources */,
			);
			runOnlyForDeploymentPostprocessing = 0;
		};
		B086C3D087FCB1A63B82DF35 /* Resources */ = {
			isa = PBXResourcesBuildPhase;
			buildActionMask = 2147483647;
			files = (
				9B684A85F5989CE8AE65CF95 /* README.md in Resources */,
			);
			runOnlyForDeploymentPostprocessing = 0;
		};
/* End PBXResourcesBuildPhase section */

/* Begin PBXSourcesBuildPhase section */
		3CC81F4DCEE3D427D78702B8 /* Sources */ = {
			isa = PBXSourcesBuildPhase;
			buildActionMask = 2147483647;
			files = (
				8682A270EE82DAB1AAB28160 /* BibliographicMetadataEditingTests.swift in Sources */,
				E4DE5B18C7C0D99CDF273F36 /* CollectionExpansionStateTests.swift in Sources */,
				61A1E8FC19A5F997C16108CE /* FileIdentityTests.swift in Sources */,
				CD6C64A27F724DEB33871DFF /* HighlightPersistenceTests.swift in Sources */,
				F1030095E5FF32766B4C1C8C /* LibraryCollectionStoreTests.swift in Sources */,
				F24CFB0CECD00A02EF38F9D5 /* LibraryDragDropTests.swift in Sources */,
				2845DD09521799EA1249F0AE /* LibraryOrganizationTests.swift in Sources */,
				3BA0251DCE1AE33611F16C6E /* LibraryPersistenceTests.swift in Sources */,
				AFA9221623EC339A1315698A /* LibrarySaveSafetyTests.swift in Sources */,
				A1B77B1E421B37A01DA3BA39 /* LibraryTableInteractionTests.swift in Sources */,
				8A612497C2D39BFFBC3CD179 /* LurumeSmokeTests.swift in Sources */,
				8C76D856E19DC6EC27287901 /* ModelTranslationConfigurationTests.swift in Sources */,
				5F823BEAA253B1DB3F31FD1D /* P8FolderImportTests.swift in Sources */,
				6F0E29AEE8442D65C1A6CA48 /* P8ImportPlanningTests.swift in Sources */,
				4C9FCD0E24A6DF7390C6E52B /* P8LibraryModelTests.swift in Sources */,
				205AD866107A886EAA92EE81 /* P8ZoteroTransactionTests.swift in Sources */,
				6C93CF0C527FC9C095C471D4 /* PaperMetadataTests.swift in Sources */,
				D9E8C3A77EE0A76B56701542 /* PaperRemovalCoordinatorTests.swift in Sources */,
				A5DE3609DC3C9F2CAD5718E8 /* ReaderModeTransitionTests.swift in Sources */,
				1D1E1300196BD224FE89A00F /* TextNormalizerTests.swift in Sources */,
				7E10AC773AD3045C05059C26 /* TranslationControllerTests.swift in Sources */,
				CFBC44934EEEAB207DED9854 /* TranslationXPCIntegrationTests.swift in Sources */,
				A1A4D134ADEED55FA601DE15 /* ZoteroImportXPCIntegrationTests.swift in Sources */,
			);
			runOnlyForDeploymentPostprocessing = 0;
		};
		6080B5D90A2AD06E32C2B3A2 /* Sources */ = {
			isa = PBXSourcesBuildPhase;
			buildActionMask = 2147483647;
			files = (
				B13C920775B082B1C331ED5F /* OpenAIChatCompletions.swift in Sources */,
				72166701FF73790BA0636872 /* TranslationRequestOperation.swift in Sources */,
				4FB3C0272A970C0EC45CF60D /* TranslationService.swift in Sources */,
				832317642703EDFE268ECA0D /* TranslationXPCConnectionPolicy.swift in Sources */,
				62D9B0E6CE35A2C437A5285F /* TranslationXPCProtocol.swift in Sources */,
				C08B6F8C1AD562CF6A2E8695 /* ZoteroImportXPCConnectionPolicy.swift in Sources */,
				1C5328D3EE846F748110BDEC /* ZoteroImportXPCProtocol.swift in Sources */,
				CAEB67A89F6A35C4A583AEF4 /* main.swift in Sources */,
			);
			runOnlyForDeploymentPostprocessing = 0;
		};
		6FC74C0E0A795058C06274DD /* Sources */ = {
			isa = PBXSourcesBuildPhase;
			buildActionMask = 2147483647;
			files = (
				DD5F3D4DF228FD158D575BB6 /* UpdateTestHostApp.swift in Sources */,
			);
			runOnlyForDeploymentPostprocessing = 0;
		};
		74854DFC328DCDF9EDC5DDA3 /* Sources */ = {
			isa = PBXSourcesBuildPhase;
			buildActionMask = 2147483647;
			files = (
				695E0AA23464100D94ECDB24 /* TranslationXPCConnectionPolicy.swift in Sources */,
				B4042DDCBCA2A04985D37575 /* TranslationXPCProtocol.swift in Sources */,
				90236AB3AA836D9BFF5E7C22 /* ZoteroImportXPCConnectionPolicy.swift in Sources */,
				92791F13C598D87405CA13C4 /* ZoteroImportXPCProtocol.swift in Sources */,
				73FBF7FF0060D7E8D718364C /* main.swift in Sources */,
			);
			runOnlyForDeploymentPostprocessing = 0;
		};
		74E677FBD604CED847A346EE /* Sources */ = {
			isa = PBXSourcesBuildPhase;
			buildActionMask = 2147483647;
			files = (
				26062E05558C3FE60C36C4B0 /* TranslationXPCConnectionPolicy.swift in Sources */,
				97510559A844004D85C2A8E5 /* TranslationXPCProtocol.swift in Sources */,
				78F1CD5D60F7651620E152E3 /* ZoteroAPI.swift in Sources */,
				17CCC20F95AE750392CA17DE /* ZoteroAPIRequestOperation.swift in Sources */,
				C9B5B496FC15DE8489A7AE54 /* ZoteroImportServiceCoreTests.swift in Sources */,
				689441F97CFF885AAEF74F62 /* ZoteroImportXPCConnectionPolicy.swift in Sources */,
				93C9608AF80053D0BBFFBE4E /* ZoteroImportXPCProtocol.swift in Sources */,
			);
			runOnlyForDeploymentPostprocessing = 0;
		};
		8CB388EEB3CA5BB386EB2CDD /* Sources */ = {
			isa = PBXSourcesBuildPhase;
			buildActionMask = 2147483647;
			files = (
				D20ED449B31579EDD9209E59 /* TranslationXPCConnectionPolicy.swift in Sources */,
				B3A6453CEE80C6372F7053A8 /* TranslationXPCProtocol.swift in Sources */,
				FE7A707AE29FEF4A172D4710 /* ZoteroAPI.swift in Sources */,
				6074BFC0EA03CECA4A13A1E8 /* ZoteroAPIRequestOperation.swift in Sources */,
				72A222F3B448B99515FBCAE8 /* ZoteroImportService.swift in Sources */,
				FAE76CE489A9405513AD508F /* ZoteroImportXPCConnectionPolicy.swift in Sources */,
				FE344A4F3FFF86C387CE1961 /* ZoteroImportXPCProtocol.swift in Sources */,
				857E7290FA8B82984C4A3DE4 /* main.swift in Sources */,
			);
			runOnlyForDeploymentPostprocessing = 0;
		};
		8E779CEC5BFC88595F10003F /* Sources */ = {
			isa = PBXSourcesBuildPhase;
			buildActionMask = 2147483647;
			files = (
				4E447FBC4C73F23434578CF9 /* OpenAIChatCompletions.swift in Sources */,
				3B6F29215EACAD8BCABF7D43 /* OpenAIChatCompletionsTests.swift in Sources */,
				5025B51E193750769CBA42CF /* P7TranslationNetworkOperationTests.swift in Sources */,
				2127A41C5EBC3A230F573908 /* TranslationRequestOperation.swift in Sources */,
				1481C4EE808A3E3E87709009 /* TranslationXPCConnectionPolicy.swift in Sources */,
				86654EDA264C87B8116DD5EF /* TranslationXPCConnectionPolicyTests.swift in Sources */,
				6822FA6E4AD446AACFCDF966 /* TranslationXPCProtocol.swift in Sources */,
				6E33C5335B757AC175FFB56B /* ZoteroImportXPCConnectionPolicy.swift in Sources */,
				9C4BB4B8E449FB94DB0EDAC4 /* ZoteroImportXPCProtocol.swift in Sources */,
			);
			runOnlyForDeploymentPostprocessing = 0;
		};
		BA2ECAB65BA84E48A196DA2B /* Sources */ = {
			isa = PBXSourcesBuildPhase;
			buildActionMask = 2147483647;
			files = (
				9048D80279177B1F81AE0790 /* AppSettings.swift in Sources */,
				8E86D8807B455C44DDE17E48 /* BibliographicMetadataEditing.swift in Sources */,
				C056C40ACD4F4F8AE19ED45B /* CollectionExpansionState.swift in Sources */,
				68D5F0FC04789CBE194A49A1 /* ContentView.swift in Sources */,
				314E6F9D242932FBF3CB3089 /* FolderImportCoordinator.swift in Sources */,
				62ED39AB35E36F8D1E719860 /* FolderImportScanner.swift in Sources */,
				1D4430F27C7263188FC213E4 /* FolderImportTransaction.swift in Sources */,
				575DB807A35AA3B6550E6845 /* FolderImportWizardView.swift in Sources */,
				B1AE1C81032365A6F314978A /* HighlightModels.swift in Sources */,
				15FB3FBDD96F12FD1A097CE0 /* HighlightPDFView.swift in Sources */,
				C844133EBD258AD8321EA43A /* HighlightPersistence.swift in Sources */,
				97CCFD06759640B719E96A5A /* HighlightStore.swift in Sources */,
				6814D806ED9F03D30465C20C /* ImportCommands.swift in Sources */,
				99242BB5CD65CD65B953B383 /* LibraryDragDrop.swift in Sources */,
				CBA9B4B2323565FEB2538795 /* LibraryImportPlanning.swift in Sources */,
				FD8EB90D647B8C1477B8DD4D /* LibraryManagementView.swift in Sources */,
				106513FBEC771211CB9DE862 /* LibraryModels.swift in Sources */,
				D34865219EA3EB4BF932BA66 /* LibraryPersistence.swift in Sources */,
				32C8FFB0CE9301BED1D8F96D /* LibrarySchema.swift in Sources */,
				6E4325F180DCCE01B54F12F0 /* LibraryStore.swift in Sources */,
				FB55D8FD66278CC5D4D022D0 /* LibraryTableView.swift in Sources */,
				33F14A5B4F2FF059040D2EBC /* LurumeApp.swift in Sources */,
				EE1BEB4BABADE6A8044077BD /* MainWindowMode.swift in Sources */,
				AD0510193C70C076364F0BF3 /* ModelTranslationConfiguration.swift in Sources */,
				4D0F236DF0C4ED60F0D25CF3 /* ModelTranslationSettingsController.swift in Sources */,
				5F38DD445676B098B239719D /* PDFNavigationSidebar.swift in Sources */,
				3C4E8C4AE39330A50E8DB278 /* PDFReaderView.swift in Sources */,
				D89E328BF1F4676E4548EB72 /* PaperRemovalCoordinator.swift in Sources */,
				A73E9083CB324645CFF43590 /* SecurityScopedFile.swift in Sources */,
				B96EA3B16617DEA37D0FF4FD /* SettingsView.swift in Sources */,
				901386E6D513046A375512B4 /* SystemPaperMetadataReader.swift in Sources */,
				132643F5DC3DDD1E9EB22813 /* TextNormalizer.swift in Sources */,
				B6CDFABD6995CD92A30CD86A /* TranslationAPIKeyStore.swift in Sources */,
				FE891CFC7127EEB8A4BD6FC7 /* TranslationController.swift in Sources */,
				24F9D19682C67BFEFB015DAC /* TranslationInspector.swift in Sources */,
				E1FA3537138C6630E9064659 /* TranslationXPCClient.swift in Sources */,
				26FF117388587C1AE13E85A6 /* TranslationXPCConnectionPolicy.swift in Sources */,
				9DF2CBAF36DF36B28F9F6365 /* TranslationXPCProtocol.swift in Sources */,
				EB7D92CC26B4FE6453148D55 /* UpdaterController.swift in Sources */,
				82E279C2F1232A9F52048A83 /* ZoteroImportAuthorization.swift in Sources */,
				05817962FB8A476549B94C01 /* ZoteroImportCoordinator.swift in Sources */,
				2227179797C8823B64A226EA /* ZoteroImportTransaction.swift in Sources */,
				D1D1F6DEA3BE1F67552F8369 /* ZoteroImportWizardView.swift in Sources */,
				68318B9CCF47542349BF2137 /* ZoteroImportXPCClient.swift in Sources */,
				7C14BD13DAF4EF1684DA77C6 /* ZoteroImportXPCConnectionPolicy.swift in Sources */,
				E98977279C3F4BCBE305F1C7 /* ZoteroImportXPCProtocol.swift in Sources */,
			);
			runOnlyForDeploymentPostprocessing = 0;
		};
/* End PBXSourcesBuildPhase section */

/* Begin PBXTargetDependency section */
		4378B8F312F0EB7BD68FE09E /* PBXTargetDependency */ = {
			isa = PBXTargetDependency;
			target = ECB1BDD55B69EB28014274A8 /* LurumeTranslationService */;
			targetProxy = F253CA750FEE44F6DAF09B92 /* PBXContainerItemProxy */;
		};
		447CDE3A396F87CE49290A91 /* PBXTargetDependency */ = {
			isa = PBXTargetDependency;
			target = 779F1ED0E93272ED9E741B01 /* Lurume */;
			targetProxy = BD8B2D506B52C9A7F80D33FF /* PBXContainerItemProxy */;
		};
		A44B9DB36D111C564587C503 /* PBXTargetDependency */ = {
			isa = PBXTargetDependency;
			target = 368696143A824B4F1614148D /* LurumeZoteroImportService */;
			targetProxy = 7D946781A3E2B4CA1DBA8974 /* PBXContainerItemProxy */;
		};
		CF752E4268A29E7CD737A47B /* PBXTargetDependency */ = {
			isa = PBXTargetDependency;
			target = ECB1BDD55B69EB28014274A8 /* LurumeTranslationService */;
			targetProxy = 0D9A368F0886906B3C112BC0 /* PBXContainerItemProxy */;
		};
/* End PBXTargetDependency section */

/* Begin PBXVariantGroup section */
		002933A34CD2A16535238505 /* InfoPlist.strings */ = {
			isa = PBXVariantGroup;
			children = (
				2B7B02F087BF7B9A01DDDE31 /* zh-Hans */,
			);
			name = InfoPlist.strings;
			sourceTree = "<group>";
		};
		5BDFE7ED94697A4351F79112 /* Localizable.strings */ = {
			isa = PBXVariantGroup;
			children = (
				B1CA5FB5868E0A8EDB1056D6 /* zh-Hans */,
			);
			name = Localizable.strings;
			sourceTree = "<group>";
		};
/* End PBXVariantGroup section */

/* Begin XCBuildConfiguration section */
		12F7E21E2FEB3AEC3B4B63D6 /* Release */ = {
			isa = XCBuildConfiguration;
			buildSettings = {
				BUNDLE_LOADER = "$(TEST_HOST)";
				COMBINE_HIDPI_IMAGES = YES;
				GENERATE_INFOPLIST_FILE = YES;
				LD_RUNPATH_SEARCH_PATHS = (
					"$(inherited)",
					"@executable_path/../Frameworks",
					"@loader_path/../Frameworks",
				);
				PRODUCT_BUNDLE_IDENTIFIER = app.lurume.LurumeTests;
				SDKROOT = macosx;
				TEST_HOST = "$(BUILT_PRODUCTS_DIR)/Lurume.app/Contents/MacOS/Lurume";
			};
			name = Release;
		};
		13AB6D12D6B31BB7E751F39D /* Debug */ = {
			isa = XCBuildConfiguration;
			buildSettings = {
				ASSETCATALOG_COMPILER_APPICON_NAME = AppIcon;
				CODE_SIGN_ENTITLEMENTS = Tests/UpdateTestHost/UpdateTestHost.entitlements;
				CODE_SIGN_IDENTITY = "-";
				CODE_SIGN_STYLE = Automatic;
				COMBINE_HIDPI_IMAGES = YES;
				CURRENT_PROJECT_VERSION = 1;
				INFOPLIST_FILE = Tests/UpdateTestHost/Info.plist;
				LD_RUNPATH_SEARCH_PATHS = (
					"$(inherited)",
					"@executable_path/../Frameworks",
				);
				MARKETING_VERSION = 1.0.0;
				PRODUCT_BUNDLE_IDENTIFIER = app.lurume.UpdateTestHost;
				PRODUCT_NAME = "Lurume Update Test";
				SDKROOT = macosx;
			};
			name = Debug;
		};
		30132A5D8F1CB5750B1E5D2C /* Debug */ = {
			isa = XCBuildConfiguration;
			buildSettings = {
				ASSETCATALOG_COMPILER_APPICON_NAME = AppIcon;
				CODE_SIGN_ENTITLEMENTS = Tests/P7TranslationProbe/Probe.entitlements;
				CODE_SIGN_IDENTITY = "-";
				CODE_SIGN_STYLE = Automatic;
				COMBINE_HIDPI_IMAGES = YES;
				CURRENT_PROJECT_VERSION = 1;
				INFOPLIST_FILE = Tests/P7TranslationProbe/Info.plist;
				LD_RUNPATH_SEARCH_PATHS = (
					"$(inherited)",
					"@executable_path/../Frameworks",
				);
				MARKETING_VERSION = 1.0.0;
				PRODUCT_BUNDLE_IDENTIFIER = app.lurume.TranslationProbe;
				PRODUCT_NAME = LurumeTranslationProbe;
				SDKROOT = macosx;
				SKIP_INSTALL = YES;
			};
			name = Debug;
		};
		39207F0EB863E51E3E7CECA7 /* Debug */ = {
			isa = XCBuildConfiguration;
			buildSettings = {
				ASSETCATALOG_COMPILER_APPICON_NAME = AppIcon;
				CODE_SIGN_ENTITLEMENTS = Lurume/Lurume.entitlements;
				CODE_SIGN_IDENTITY = "-";
				CODE_SIGN_STYLE = Automatic;
				COMBINE_HIDPI_IMAGES = YES;
				CURRENT_PROJECT_VERSION = 8;
				INFOPLIST_FILE = Lurume/Info.plist;
				LD_RUNPATH_SEARCH_PATHS = (
					"$(inherited)",
					"@executable_path/../Frameworks",
				);
				MARKETING_VERSION = 0.0.8;
				PRODUCT_BUNDLE_IDENTIFIER = app.lurume.Lurume;
				PRODUCT_NAME = Lurume;
				SDKROOT = macosx;
			};
			name = Debug;
		};
		41242A88658878F0063E514C /* Release */ = {
			isa = XCBuildConfiguration;
			buildSettings = {
				ALWAYS_SEARCH_USER_PATHS = NO;
				CLANG_ANALYZER_NONNULL = YES;
				CLANG_ANALYZER_NUMBER_OBJECT_CONVERSION = YES_AGGRESSIVE;
				CLANG_CXX_LANGUAGE_STANDARD = "gnu++14";
				CLANG_CXX_LIBRARY = "libc++";
				CLANG_ENABLE_MODULES = YES;
				CLANG_ENABLE_OBJC_ARC = YES;
				CLANG_ENABLE_OBJC_WEAK = YES;
				CLANG_WARN_BLOCK_CAPTURE_AUTORELEASING = YES;
				CLANG_WARN_BOOL_CONVERSION = YES;
				CLANG_WARN_COMMA = YES;
				CLANG_WARN_CONSTANT_CONVERSION = YES;
				CLANG_WARN_DEPRECATED_OBJC_IMPLEMENTATIONS = YES;
				CLANG_WARN_DIRECT_OBJC_ISA_USAGE = YES_ERROR;
				CLANG_WARN_DOCUMENTATION_COMMENTS = YES;
				CLANG_WARN_EMPTY_BODY = YES;
				CLANG_WARN_ENUM_CONVERSION = YES;
				CLANG_WARN_INFINITE_RECURSION = YES;
				CLANG_WARN_INT_CONVERSION = YES;
				CLANG_WARN_NON_LITERAL_NULL_CONVERSION = YES;
				CLANG_WARN_OBJC_IMPLICIT_RETAIN_SELF = YES;
				CLANG_WARN_OBJC_LITERAL_CONVERSION = YES;
				CLANG_WARN_OBJC_ROOT_CLASS = YES_ERROR;
				CLANG_WARN_QUOTED_INCLUDE_IN_FRAMEWORK_HEADER = YES;
				CLANG_WARN_RANGE_LOOP_ANALYSIS = YES;
				CLANG_WARN_STRICT_PROTOTYPES = YES;
				CLANG_WARN_SUSPICIOUS_MOVE = YES;
				CLANG_WARN_UNGUARDED_AVAILABILITY = YES_AGGRESSIVE;
				CLANG_WARN_UNREACHABLE_CODE = YES;
				CLANG_WARN__DUPLICATE_METHOD_MATCH = YES;
				CODE_SIGN_INJECT_BASE_ENTITLEMENTS = NO;
				COPY_PHASE_STRIP = NO;
				DEBUG_INFORMATION_FORMAT = "dwarf-with-dsym";
				ENABLE_NS_ASSERTIONS = NO;
				ENABLE_STRICT_OBJC_MSGSEND = YES;
				GCC_C_LANGUAGE_STANDARD = gnu11;
				GCC_NO_COMMON_BLOCKS = YES;
				GCC_WARN_64_TO_32_BIT_CONVERSION = YES;
				GCC_WARN_ABOUT_RETURN_TYPE = YES_ERROR;
				GCC_WARN_UNDECLARED_SELECTOR = YES;
				GCC_WARN_UNINITIALIZED_AUTOS = YES_AGGRESSIVE;
				GCC_WARN_UNUSED_FUNCTION = YES;
				GCC_WARN_UNUSED_VARIABLE = YES;
				MACOSX_DEPLOYMENT_TARGET = 15.0;
				MTL_ENABLE_DEBUG_INFO = NO;
				MTL_FAST_MATH = YES;
				PRODUCT_NAME = "$(TARGET_NAME)";
				SDKROOT = macosx;
				SWIFT_COMPILATION_MODE = wholemodule;
				SWIFT_OPTIMIZATION_LEVEL = "-O";
				SWIFT_STRICT_CONCURRENCY = complete;
				SWIFT_VERSION = 6.0;
			};
			name = Release;
		};
		42BE7347634D9A6B219282D1 /* Release */ = {
			isa = XCBuildConfiguration;
			buildSettings = {
				CODE_SIGN_ENTITLEMENTS = ZoteroImportService/ZoteroImportService.entitlements;
				CODE_SIGN_IDENTITY = "-";
				CODE_SIGN_STYLE = Automatic;
				COMBINE_HIDPI_IMAGES = YES;
				CURRENT_PROJECT_VERSION = 1;
				INFOPLIST_FILE = ZoteroImportService/Info.plist;
				LD_RUNPATH_SEARCH_PATHS = (
					"$(inherited)",
					"@executable_path/../Frameworks",
				);
				MARKETING_VERSION = 1.0.0;
				PRODUCT_BUNDLE_IDENTIFIER = app.lurume.Lurume.ZoteroImportService;
				PRODUCT_NAME = LurumeZoteroImportService;
				SDKROOT = macosx;
				SKIP_INSTALL = YES;
			};
			name = Release;
		};
		4F51538FA709C10F76CB3BBF /* Debug */ = {
			isa = XCBuildConfiguration;
			buildSettings = {
				CODE_SIGN_ENTITLEMENTS = ZoteroImportService/ZoteroImportService.entitlements;
				CODE_SIGN_IDENTITY = "-";
				CODE_SIGN_STYLE = Automatic;
				COMBINE_HIDPI_IMAGES = YES;
				CURRENT_PROJECT_VERSION = 1;
				INFOPLIST_FILE = ZoteroImportService/Info.plist;
				LD_RUNPATH_SEARCH_PATHS = (
					"$(inherited)",
					"@executable_path/../Frameworks",
				);
				MARKETING_VERSION = 1.0.0;
				PRODUCT_BUNDLE_IDENTIFIER = app.lurume.Lurume.ZoteroImportService;
				PRODUCT_NAME = LurumeZoteroImportService;
				SDKROOT = macosx;
				SKIP_INSTALL = YES;
			};
			name = Debug;
		};
		63413E1D279F1048F4F624B3 /* Release */ = {
			isa = XCBuildConfiguration;
			buildSettings = {
				ASSETCATALOG_COMPILER_APPICON_NAME = AppIcon;
				CODE_SIGN_ENTITLEMENTS = Lurume/Lurume.entitlements;
				CODE_SIGN_IDENTITY = "-";
				CODE_SIGN_STYLE = Automatic;
				COMBINE_HIDPI_IMAGES = YES;
				CURRENT_PROJECT_VERSION = 8;
				INFOPLIST_FILE = Lurume/Info.plist;
				LD_RUNPATH_SEARCH_PATHS = (
					"$(inherited)",
					"@executable_path/../Frameworks",
				);
				MARKETING_VERSION = 0.0.8;
				PRODUCT_BUNDLE_IDENTIFIER = app.lurume.Lurume;
				PRODUCT_NAME = Lurume;
				SDKROOT = macosx;
			};
			name = Release;
		};
		65B38B76030093FD9EC37D99 /* Release */ = {
			isa = XCBuildConfiguration;
			buildSettings = {
				ASSETCATALOG_COMPILER_APPICON_NAME = AppIcon;
				CODE_SIGN_ENTITLEMENTS = Tests/UpdateTestHost/UpdateTestHost.entitlements;
				CODE_SIGN_IDENTITY = "-";
				CODE_SIGN_STYLE = Automatic;
				COMBINE_HIDPI_IMAGES = YES;
				CURRENT_PROJECT_VERSION = 1;
				INFOPLIST_FILE = Tests/UpdateTestHost/Info.plist;
				LD_RUNPATH_SEARCH_PATHS = (
					"$(inherited)",
					"@executable_path/../Frameworks",
				);
				MARKETING_VERSION = 1.0.0;
				PRODUCT_BUNDLE_IDENTIFIER = app.lurume.UpdateTestHost;
				PRODUCT_NAME = "Lurume Update Test";
				SDKROOT = macosx;
			};
			name = Release;
		};
		6FA0F107DDA6121761359A45 /* Debug */ = {
			isa = XCBuildConfiguration;
			buildSettings = {
				ALWAYS_SEARCH_USER_PATHS = NO;
				CLANG_ANALYZER_NONNULL = YES;
				CLANG_ANALYZER_NUMBER_OBJECT_CONVERSION = YES_AGGRESSIVE;
				CLANG_CXX_LANGUAGE_STANDARD = "gnu++14";
				CLANG_CXX_LIBRARY = "libc++";
				CLANG_ENABLE_MODULES = YES;
				CLANG_ENABLE_OBJC_ARC = YES;
				CLANG_ENABLE_OBJC_WEAK = YES;
				CLANG_WARN_BLOCK_CAPTURE_AUTORELEASING = YES;
				CLANG_WARN_BOOL_CONVERSION = YES;
				CLANG_WARN_COMMA = YES;
				CLANG_WARN_CONSTANT_CONVERSION = YES;
				CLANG_WARN_DEPRECATED_OBJC_IMPLEMENTATIONS = YES;
				CLANG_WARN_DIRECT_OBJC_ISA_USAGE = YES_ERROR;
				CLANG_WARN_DOCUMENTATION_COMMENTS = YES;
				CLANG_WARN_EMPTY_BODY = YES;
				CLANG_WARN_ENUM_CONVERSION = YES;
				CLANG_WARN_INFINITE_RECURSION = YES;
				CLANG_WARN_INT_CONVERSION = YES;
				CLANG_WARN_NON_LITERAL_NULL_CONVERSION = YES;
				CLANG_WARN_OBJC_IMPLICIT_RETAIN_SELF = YES;
				CLANG_WARN_OBJC_LITERAL_CONVERSION = YES;
				CLANG_WARN_OBJC_ROOT_CLASS = YES_ERROR;
				CLANG_WARN_QUOTED_INCLUDE_IN_FRAMEWORK_HEADER = YES;
				CLANG_WARN_RANGE_LOOP_ANALYSIS = YES;
				CLANG_WARN_STRICT_PROTOTYPES = YES;
				CLANG_WARN_SUSPICIOUS_MOVE = YES;
				CLANG_WARN_UNGUARDED_AVAILABILITY = YES_AGGRESSIVE;
				CLANG_WARN_UNREACHABLE_CODE = YES;
				CLANG_WARN__DUPLICATE_METHOD_MATCH = YES;
				COPY_PHASE_STRIP = NO;
				DEBUG_INFORMATION_FORMAT = dwarf;
				ENABLE_STRICT_OBJC_MSGSEND = YES;
				ENABLE_TESTABILITY = YES;
				GCC_C_LANGUAGE_STANDARD = gnu11;
				GCC_DYNAMIC_NO_PIC = NO;
				GCC_NO_COMMON_BLOCKS = YES;
				GCC_OPTIMIZATION_LEVEL = 0;
				GCC_PREPROCESSOR_DEFINITIONS = (
					"$(inherited)",
					"DEBUG=1",
				);
				GCC_WARN_64_TO_32_BIT_CONVERSION = YES;
				GCC_WARN_ABOUT_RETURN_TYPE = YES_ERROR;
				GCC_WARN_UNDECLARED_SELECTOR = YES;
				GCC_WARN_UNINITIALIZED_AUTOS = YES_AGGRESSIVE;
				GCC_WARN_UNUSED_FUNCTION = YES;
				GCC_WARN_UNUSED_VARIABLE = YES;
				MACOSX_DEPLOYMENT_TARGET = 15.0;
				MTL_ENABLE_DEBUG_INFO = INCLUDE_SOURCE;
				MTL_FAST_MATH = YES;
				ONLY_ACTIVE_ARCH = YES;
				PRODUCT_NAME = "$(TARGET_NAME)";
				SDKROOT = macosx;
				SWIFT_ACTIVE_COMPILATION_CONDITIONS = DEBUG;
				SWIFT_OPTIMIZATION_LEVEL = "-Onone";
				SWIFT_STRICT_CONCURRENCY = complete;
				SWIFT_VERSION = 6.0;
			};
			name = Debug;
		};
		7F42859201B3C8DA2EF4A223 /* Debug */ = {
			isa = XCBuildConfiguration;
			buildSettings = {
				BUNDLE_LOADER = "$(TEST_HOST)";
				COMBINE_HIDPI_IMAGES = YES;
				GENERATE_INFOPLIST_FILE = YES;
				LD_RUNPATH_SEARCH_PATHS = (
					"$(inherited)",
					"@executable_path/../Frameworks",
					"@loader_path/../Frameworks",
				);
				PRODUCT_BUNDLE_IDENTIFIER = app.lurume.LurumeTests;
				SDKROOT = macosx;
				TEST_HOST = "$(BUILT_PRODUCTS_DIR)/Lurume.app/Contents/MacOS/Lurume";
			};
			name = Debug;
		};
		A666AD323DC62A5EE2735B46 /* Debug */ = {
			isa = XCBuildConfiguration;
			buildSettings = {
				CODE_SIGN_ENTITLEMENTS = TranslationService/TranslationService.entitlements;
				CODE_SIGN_IDENTITY = "-";
				CODE_SIGN_STYLE = Automatic;
				COMBINE_HIDPI_IMAGES = YES;
				CURRENT_PROJECT_VERSION = 1;
				INFOPLIST_FILE = TranslationService/Info.plist;
				LD_RUNPATH_SEARCH_PATHS = (
					"$(inherited)",
					"@executable_path/../Frameworks",
				);
				MARKETING_VERSION = 1.0.0;
				PRODUCT_BUNDLE_IDENTIFIER = app.lurume.Lurume.TranslationService;
				PRODUCT_NAME = LurumeTranslationService;
				SDKROOT = macosx;
				SKIP_INSTALL = YES;
			};
			name = Debug;
		};
		BCEFDB0B50A17F79E009C5AA /* Release */ = {
			isa = XCBuildConfiguration;
			buildSettings = {
				ASSETCATALOG_COMPILER_APPICON_NAME = AppIcon;
				CODE_SIGN_ENTITLEMENTS = Tests/P7TranslationProbe/Probe.entitlements;
				CODE_SIGN_IDENTITY = "-";
				CODE_SIGN_STYLE = Automatic;
				COMBINE_HIDPI_IMAGES = YES;
				CURRENT_PROJECT_VERSION = 1;
				INFOPLIST_FILE = Tests/P7TranslationProbe/Info.plist;
				LD_RUNPATH_SEARCH_PATHS = (
					"$(inherited)",
					"@executable_path/../Frameworks",
				);
				MARKETING_VERSION = 1.0.0;
				PRODUCT_BUNDLE_IDENTIFIER = app.lurume.TranslationProbe;
				PRODUCT_NAME = LurumeTranslationProbe;
				SDKROOT = macosx;
				SKIP_INSTALL = YES;
			};
			name = Release;
		};
		C7AB89D61A3ACAE3B825BC5E /* Debug */ = {
			isa = XCBuildConfiguration;
			buildSettings = {
				BUNDLE_LOADER = "";
				COMBINE_HIDPI_IMAGES = YES;
				GENERATE_INFOPLIST_FILE = YES;
				LD_RUNPATH_SEARCH_PATHS = (
					"$(inherited)",
					"@executable_path/../Frameworks",
					"@loader_path/../Frameworks",
				);
				PRODUCT_BUNDLE_IDENTIFIER = app.lurume.ZoteroImportServiceCoreTests;
				SDKROOT = macosx;
				TEST_HOST = "";
			};
			name = Debug;
		};
		DCEF979E8DF42C8EB567AFDA /* Release */ = {
			isa = XCBuildConfiguration;
			buildSettings = {
				BUNDLE_LOADER = "";
				COMBINE_HIDPI_IMAGES = YES;
				GENERATE_INFOPLIST_FILE = YES;
				LD_RUNPATH_SEARCH_PATHS = (
					"$(inherited)",
					"@executable_path/../Frameworks",
					"@loader_path/../Frameworks",
				);
				PRODUCT_BUNDLE_IDENTIFIER = app.lurume.ZoteroImportServiceCoreTests;
				SDKROOT = macosx;
				TEST_HOST = "";
			};
			name = Release;
		};
		DEE2A8D14B539582B3E05F00 /* Debug */ = {
			isa = XCBuildConfiguration;
			buildSettings = {
				BUNDLE_LOADER = "";
				COMBINE_HIDPI_IMAGES = YES;
				GENERATE_INFOPLIST_FILE = YES;
				LD_RUNPATH_SEARCH_PATHS = (
					"$(inherited)",
					"@executable_path/../Frameworks",
					"@loader_path/../Frameworks",
				);
				PRODUCT_BUNDLE_IDENTIFIER = app.lurume.TranslationServiceCoreTests;
				SDKROOT = macosx;
				TEST_HOST = "";
			};
			name = Debug;
		};
		E678C3747B515B2A626295B4 /* Release */ = {
			isa = XCBuildConfiguration;
			buildSettings = {
				BUNDLE_LOADER = "";
				COMBINE_HIDPI_IMAGES = YES;
				GENERATE_INFOPLIST_FILE = YES;
				LD_RUNPATH_SEARCH_PATHS = (
					"$(inherited)",
					"@executable_path/../Frameworks",
					"@loader_path/../Frameworks",
				);
				PRODUCT_BUNDLE_IDENTIFIER = app.lurume.TranslationServiceCoreTests;
				SDKROOT = macosx;
				TEST_HOST = "";
			};
			name = Release;
		};
		F59F03420F569EC31B7C735F /* Release */ = {
			isa = XCBuildConfiguration;
			buildSettings = {
				CODE_SIGN_ENTITLEMENTS = TranslationService/TranslationService.entitlements;
				CODE_SIGN_IDENTITY = "-";
				CODE_SIGN_STYLE = Automatic;
				COMBINE_HIDPI_IMAGES = YES;
				CURRENT_PROJECT_VERSION = 1;
				INFOPLIST_FILE = TranslationService/Info.plist;
				LD_RUNPATH_SEARCH_PATHS = (
					"$(inherited)",
					"@executable_path/../Frameworks",
				);
				MARKETING_VERSION = 1.0.0;
				PRODUCT_BUNDLE_IDENTIFIER = app.lurume.Lurume.TranslationService;
				PRODUCT_NAME = LurumeTranslationService;
				SDKROOT = macosx;
				SKIP_INSTALL = YES;
			};
			name = Release;
		};
/* End XCBuildConfiguration section */

/* Begin XCConfigurationList section */
		21BEAD6E81475DA701E6D089 /* Build configuration list for PBXNativeTarget "Lurume" */ = {
			isa = XCConfigurationList;
			buildConfigurations = (
				39207F0EB863E51E3E7CECA7 /* Debug */,
				63413E1D279F1048F4F624B3 /* Release */,
			);
			defaultConfigurationIsVisible = 0;
			defaultConfigurationName = Debug;
		};
		25FC56CB7EDBA7430696D53C /* Build configuration list for PBXNativeTarget "ZoteroImportServiceCoreTests" */ = {
			isa = XCConfigurationList;
			buildConfigurations = (
				C7AB89D61A3ACAE3B825BC5E /* Debug */,
				DCEF979E8DF42C8EB567AFDA /* Release */,
			);
			defaultConfigurationIsVisible = 0;
			defaultConfigurationName = Debug;
		};
		697174455B0BCA80CD5DFA4C /* Build configuration list for PBXProject "Lurume" */ = {
			isa = XCConfigurationList;
			buildConfigurations = (
				6FA0F107DDA6121761359A45 /* Debug */,
				41242A88658878F0063E514C /* Release */,
			);
			defaultConfigurationIsVisible = 0;
			defaultConfigurationName = Debug;
		};
		8579C76A10E73EF7A2F94AFD /* Build configuration list for PBXNativeTarget "LurumeTranslationProbe" */ = {
			isa = XCConfigurationList;
			buildConfigurations = (
				30132A5D8F1CB5750B1E5D2C /* Debug */,
				BCEFDB0B50A17F79E009C5AA /* Release */,
			);
			defaultConfigurationIsVisible = 0;
			defaultConfigurationName = Debug;
		};
		94CDD3FEEDC0F40141BDF709 /* Build configuration list for PBXNativeTarget "LurumeZoteroImportService" */ = {
			isa = XCConfigurationList;
			buildConfigurations = (
				4F51538FA709C10F76CB3BBF /* Debug */,
				42BE7347634D9A6B219282D1 /* Release */,
			);
			defaultConfigurationIsVisible = 0;
			defaultConfigurationName = Debug;
		};
		D327F3B78825EA75784E8D57 /* Build configuration list for PBXNativeTarget "TranslationServiceCoreTests" */ = {
			isa = XCConfigurationList;
			buildConfigurations = (
				DEE2A8D14B539582B3E05F00 /* Debug */,
				E678C3747B515B2A626295B4 /* Release */,
			);
			defaultConfigurationIsVisible = 0;
			defaultConfigurationName = Debug;
		};
		DF8A62DDCD3E075A705B3413 /* Build configuration list for PBXNativeTarget "LurumeUpdateTestHost" */ = {
			isa = XCConfigurationList;
			buildConfigurations = (
				13AB6D12D6B31BB7E751F39D /* Debug */,
				65B38B76030093FD9EC37D99 /* Release */,
			);
			defaultConfigurationIsVisible = 0;
			defaultConfigurationName = Debug;
		};
		F0731E76673567E78962BE7D /* Build configuration list for PBXNativeTarget "LurumeTranslationService" */ = {
			isa = XCConfigurationList;
			buildConfigurations = (
				A666AD323DC62A5EE2735B46 /* Debug */,
				F59F03420F569EC31B7C735F /* Release */,
			);
			defaultConfigurationIsVisible = 0;
			defaultConfigurationName = Debug;
		};
		FD59C48A7B07799C8297AFB2 /* Build configuration list for PBXNativeTarget "LurumeTests" */ = {
			isa = XCConfigurationList;
			buildConfigurations = (
				7F42859201B3C8DA2EF4A223 /* Debug */,
				12F7E21E2FEB3AEC3B4B63D6 /* Release */,
			);
			defaultConfigurationIsVisible = 0;
			defaultConfigurationName = Debug;
		};
/* End XCConfigurationList section */

/* Begin XCRemoteSwiftPackageReference section */
		D7D20F7960AE9ECDEF33D972 /* XCRemoteSwiftPackageReference "Sparkle" */ = {
			isa = XCRemoteSwiftPackageReference;
			repositoryURL = "https://github.com/sparkle-project/Sparkle";
			requirement = {
				kind = exactVersion;
				version = 2.9.6;
			};
		};
/* End XCRemoteSwiftPackageReference section */

/* Begin XCSwiftPackageProductDependency section */
		3E5A34989D0B107DE3DBA0F3 /* Sparkle */ = {
			isa = XCSwiftPackageProductDependency;
			package = D7D20F7960AE9ECDEF33D972 /* XCRemoteSwiftPackageReference "Sparkle" */;
			productName = Sparkle;
		};
		DC297768AF2DDEF22B37325D /* Sparkle */ = {
			isa = XCSwiftPackageProductDependency;
			package = D7D20F7960AE9ECDEF33D972 /* XCRemoteSwiftPackageReference "Sparkle" */;
			productName = Sparkle;
		};
/* End XCSwiftPackageProductDependency section */
	};
	rootObject = 8ACF5AB7F475D09A84C9659A /* Project object */;
}
