<?xml version="1.0" encoding="UTF-8"?>
<Scheme
   LastUpgradeVersion = "2630"
   version = "1.7">
   <BuildAction
      parallelizeBuildables = "YES"
      buildImplicitDependencies = "YES"
      runPostActionsOnFailure = "NO">
      <BuildActionEntries>
         <BuildActionEntry
            buildForTesting = "YES"
            buildForRunning = "YES"
            buildForProfiling = "YES"
            buildForArchiving = "YES"
            buildForAnalyzing = "YES">
            <BuildableReference
               BuildableIdentifier = "primary"
               BlueprintIdentifier = "779F1ED0E93272ED9E741B01"
               BuildableName = "Lurume.app"
               BlueprintName = "Lurume"
               ReferencedContainer = "container:Lurume.xcodeproj">
            </BuildableReference>
         </BuildActionEntry>
         <BuildActionEntry
            buildForTesting = "YES"
            buildForRunning = "NO"
            buildForProfiling = "NO"
            buildForArchiving = "NO"
            buildForAnalyzing = "NO">
            <BuildableReference
               BuildableIdentifier = "primary"
               BlueprintIdentifier = "4816BA9FF9B1BA0FFE06808D"
               BuildableName = "LurumeTests.xctest"
               BlueprintName = "LurumeTests"
               ReferencedContainer = "container:Lurume.xcodeproj">
            </BuildableReference>
         </BuildActionEntry>
         <BuildActionEntry
            buildForTesting = "YES"
            buildForRunning = "NO"
            buildForProfiling = "NO"
            buildForArchiving = "NO"
            buildForAnalyzing = "NO">
            <BuildableReference
               BuildableIdentifier = "primary"
               BlueprintIdentifier = "DB6B332F04F23DE1DF35E7A7"
               BuildableName = "TranslationServiceCoreTests.xctest"
               BlueprintName = "TranslationServiceCoreTests"
               ReferencedContainer = "container:Lurume.xcodeproj">
            </BuildableReference>
         </BuildActionEntry>
         <BuildActionEntry
            buildForTesting = "YES"
            buildForRunning = "NO"
            buildForProfiling = "NO"
            buildForArchiving = "NO"
            buildForAnalyzing = "NO">
            <BuildableReference
               BuildableIdentifier = "primary"
               BlueprintIdentifier = "FFDF0F815747DF0A618F36BF"
               BuildableName = "ZoteroImportServiceCoreTests.xctest"
               BlueprintName = "ZoteroImportServiceCoreTests"
               ReferencedContainer = "container:Lurume.xcodeproj">
            </BuildableReference>
         </BuildActionEntry>
      </BuildActionEntries>
   </BuildAction>
   <TestAction
      buildConfiguration = "Debug"
      selectedDebuggerIdentifier = "Xcode.DebuggerFoundation.Debugger.LLDB"
      selectedLauncherIdentifier = "Xcode.DebuggerFoundation.Launcher.LLDB"
      shouldUseLaunchSchemeArgsEnv = "NO"
      onlyGenerateCoverageForSpecifiedTargets = "NO">
      <MacroExpansion>
         <BuildableReference
            BuildableIdentifier = "primary"
            BlueprintIdentifier = "779F1ED0E93272ED9E741B01"
            BuildableName = "Lurume.app"
            BlueprintName = "Lurume"
            ReferencedContainer = "container:Lurume.xcodeproj">
         </BuildableReference>
      </MacroExpansion>
      <Testables>
         <TestableReference
            skipped = "NO"
            parallelizable = "NO">
            <BuildableReference
               BuildableIdentifier = "primary"
               BlueprintIdentifier = "4816BA9FF9B1BA0FFE06808D"
               BuildableName = "LurumeTests.xctest"
               BlueprintName = "LurumeTests"
               ReferencedContainer = "container:Lurume.xcodeproj">
            </BuildableReference>
         </TestableReference>
         <TestableReference
            skipped = "NO"
            parallelizable = "NO">
            <BuildableReference
               BuildableIdentifier = "primary"
               BlueprintIdentifier = "DB6B332F04F23DE1DF35E7A7"
               BuildableName = "TranslationServiceCoreTests.xctest"
               BlueprintName = "TranslationServiceCoreTests"
               ReferencedContainer = "container:Lurume.xcodeproj">
            </BuildableReference>
         </TestableReference>
         <TestableReference
            skipped = "NO"
            parallelizable = "NO">
            <BuildableReference
               BuildableIdentifier = "primary"
               BlueprintIdentifier = "FFDF0F815747DF0A618F36BF"
               BuildableName = "ZoteroImportServiceCoreTests.xctest"
               BlueprintName = "ZoteroImportServiceCoreTests"
               ReferencedContainer = "container:Lurume.xcodeproj">
            </BuildableReference>
         </TestableReference>
      </Testables>
      <CommandLineArguments>
      </CommandLineArguments>
      <EnvironmentVariables>
         <EnvironmentVariable
            key = "LURUME_TRANSLATION_FAKE_SERVER"
            value = "$(LURUME_TRANSLATION_FAKE_SERVER)"
            isEnabled = "YES">
         </EnvironmentVariable>
         <EnvironmentVariable
            key = "LURUME_ZOTERO_FAKE_SERVER"
            value = "$(LURUME_ZOTERO_FAKE_SERVER)"
            isEnabled = "YES">
         </EnvironmentVariable>
      </EnvironmentVariables>
   </TestAction>
   <LaunchAction
      buildConfiguration = "Debug"
      selectedDebuggerIdentifier = "Xcode.DebuggerFoundation.Debugger.LLDB"
      selectedLauncherIdentifier = "Xcode.DebuggerFoundation.Launcher.LLDB"
      launchStyle = "0"
      useCustomWorkingDirectory = "NO"
      ignoresPersistentStateOnLaunch = "NO"
      debugDocumentVersioning = "YES"
      debugServiceExtension = "internal"
      allowLocationSimulation = "YES">
      <BuildableProductRunnable
         runnableDebuggingMode = "0">
         <BuildableReference
            BuildableIdentifier = "primary"
            BlueprintIdentifier = "779F1ED0E93272ED9E741B01"
            BuildableName = "Lurume.app"
            BlueprintName = "Lurume"
            ReferencedContainer = "container:Lurume.xcodeproj">
         </BuildableReference>
      </BuildableProductRunnable>
      <CommandLineArguments>
      </CommandLineArguments>
   </LaunchAction>
   <ProfileAction
      buildConfiguration = "Release"
      shouldUseLaunchSchemeArgsEnv = "YES"
      savedToolIdentifier = ""
      useCustomWorkingDirectory = "NO"
      debugDocumentVersioning = "YES">
      <BuildableProductRunnable
         runnableDebuggingMode = "0">
         <BuildableReference
            BuildableIdentifier = "primary"
            BlueprintIdentifier = "779F1ED0E93272ED9E741B01"
            BuildableName = "Lurume.app"
            BlueprintName = "Lurume"
            ReferencedContainer = "container:Lurume.xcodeproj">
         </BuildableReference>
      </BuildableProductRunnable>
   </ProfileAction>
   <AnalyzeAction
      buildConfiguration = "Debug">
   </AnalyzeAction>
   <ArchiveAction
      buildConfiguration = "Release"
      revealArchiveInOrganizer = "YES">
   </ArchiveAction>
</Scheme>
